# This file is generated by running "yarn install" inside your project.
# Manual changes might be lost - proceed with caution!

__metadata:
  version: 8
  cacheKey: 10

"@esbuild/aix-ppc64@npm:0.28.0":
  version: 0.28.0
  resolution: "@esbuild/aix-ppc64@npm:0.28.0"
  conditions: os=aix & cpu=ppc64
  languageName: node
  linkType: hard

"@esbuild/android-arm64@npm:0.28.0":
  version: 0.28.0
  resolution: "@esbuild/android-arm64@npm:0.28.0"
  conditions: os=android & cpu=arm64
  languageName: node
  linkType: hard

"@esbuild/android-arm@npm:0.28.0":
  version: 0.28.0
  resolution: "@esbuild/android-arm@npm:0.28.0"
  conditions: os=android & cpu=arm
  languageName: node
  linkType: hard

"@esbuild/android-x64@npm:0.28.0":
  version: 0.28.0
  resolution: "@esbuild/android-x64@npm:0.28.0"
  conditions: os=android & cpu=x64
  languageName: node
  linkType: hard

"@esbuild/darwin-arm64@npm:0.28.0":
  version: 0.28.0
  resolution: "@esbuild/darwin-arm64@npm:0.28.0"
  conditions: os=darwin & cpu=arm64
  languageName: node
  linkType: hard

"@esbuild/darwin-x64@npm:0.28.0":
  version: 0.28.0
  resolution: "@esbuild/darwin-x64@npm:0.28.0"
  conditions: os=darwin & cpu=x64
  languageName: node
  linkType: hard

"@esbuild/freebsd-arm64@npm:0.28.0":
  version: 0.28.0
  resolution: "@esbuild/freebsd-arm64@npm:0.28.0"
  conditions: os=freebsd & cpu=arm64
  languageName: node
  linkType: hard

"@esbuild/freebsd-x64@npm:0.28.0":
  version: 0.28.0
  resolution: "@esbuild/freebsd-x64@npm:0.28.0"
  conditions: os=freebsd & cpu=x64
  languageName: node
  linkType: hard

"@esbuild/linux-arm64@npm:0.28.0":
  version: 0.28.0
  resolution: "@esbuild/linux-arm64@npm:0.28.0"
  conditions: os=linux & cpu=arm64
  languageName: node
  linkType: hard

"@esbuild/linux-arm@npm:0.28.0":
  version: 0.28.0
  resolution: "@esbuild/linux-arm@npm:0.28.0"
  conditions: os=linux & cpu=arm
  languageName: node
  linkType: hard

"@esbuild/linux-ia32@npm:0.28.0":
  version: 0.28.0
  resolution: "@esbuild/linux-ia32@npm:0.28.0"
  conditions: os=linux & cpu=ia32
  languageName: node
  linkType: hard

"@esbuild/linux-loong64@npm:0.28.0":
  version: 0.28.0
  resolution: "@esbuild/linux-loong64@npm:0.28.0"
  conditions: os=linux & cpu=loong64
  languageName: node
  linkType: hard

"@esbuild/linux-mips64el@npm:0.28.0":
  version: 0.28.0
  resolution: "@esbuild/linux-mips64el@npm:0.28.0"
  conditions: os=linux & cpu=mips64el
  languageName: node
  linkType: hard

"@esbuild/linux-ppc64@npm:0.28.0":
  version: 0.28.0
  resolution: "@esbuild/linux-ppc64@npm:0.28.0"
  conditions: os=linux & cpu=ppc64
  languageName: node
  linkType: hard

"@esbuild/linux-riscv64@npm:0.28.0":
  version: 0.28.0
  resolution: "@esbuild/linux-riscv64@npm:0.28.0"
  conditions: os=linux & cpu=riscv64
  languageName: node
  linkType: hard

"@esbuild/linux-s390x@npm:0.28.0":
  version: 0.28.0
  resolution: "@esbuild/linux-s390x@npm:0.28.0"
  conditions: os=linux & cpu=s390x
  languageName: node
  linkType: hard

"@esbuild/linux-x64@npm:0.28.0":
  version: 0.28.0
  resolution: "@esbuild/linux-x64@npm:0.28.0"
  conditions: os=linux & cpu=x64
  languageName: node
  linkType: hard

"@esbuild/netbsd-arm64@npm:0.28.0":
  version: 0.28.0
  resolution: "@esbuild/netbsd-arm64@npm:0.28.0"
  conditions: os=netbsd & cpu=arm64
  languageName: node
  linkType: hard

"@esbuild/netbsd-x64@npm:0.28.0":
  version: 0.28.0
  resolution: "@esbuild/netbsd-x64@npm:0.28.0"
  conditions: os=netbsd & cpu=x64
  languageName: node
  linkType: hard

"@esbuild/openbsd-arm64@npm:0.28.0":
  version: 0.28.0
  resolution: "@esbuild/openbsd-arm64@npm:0.28.0"
  conditions: os=openbsd & cpu=arm64
  languageName: node
  linkType: hard

"@esbuild/openbsd-x64@npm:0.28.0":
  version: 0.28.0
  resolution: "@esbuild/openbsd-x64@npm:0.28.0"
  conditions: os=openbsd & cpu=x64
  languageName: node
  linkType: hard

"@esbuild/openharmony-arm64@npm:0.28.0":
  version: 0.28.0
  resolution: "@esbuild/openharmony-arm64@npm:0.28.0"
  conditions: os=openharmony & cpu=arm64
  languageName: node
  linkType: hard

"@esbuild/sunos-x64@npm:0.28.0":
  version: 0.28.0
  resolution: "@esbuild/sunos-x64@npm:0.28.0"
  conditions: os=sunos & cpu=x64
  languageName: node
  linkType: hard

"@esbuild/win32-arm64@npm:0.28.0":
  version: 0.28.0
  resolution: "@esbuild/win32-arm64@npm:0.28.0"
  conditions: os=win32 & cpu=arm64
  languageName: node
  linkType: hard

"@esbuild/win32-ia32@npm:0.28.0":
  version: 0.28.0
  resolution: "@esbuild/win32-ia32@npm:0.28.0"
  conditions: os=win32 & cpu=ia32
  languageName: node
  linkType: hard

"@esbuild/win32-x64@npm:0.28.0":
  version: 0.28.0
  resolution: "@esbuild/win32-x64@npm:0.28.0"
  conditions: os=win32 & cpu=x64
  languageName: node
  linkType: hard

"@girs/accountsservice-1.0@npm:^5.5.0":
  version: 5.5.0
  resolution: "@girs/accountsservice-1.0@npm:5.5.0"
  dependencies:
    "@girs/gio-2.0": "npm:^5.5.0"
    "@girs/gjs": "npm:^5.5.0"
    "@girs/glib-2.0": "npm:^5.5.0"
    "@girs/gmodule-2.0": "npm:^5.5.0"
    "@girs/gobject-2.0": "npm:^5.5.0"
  checksum: 10/e15a736e6e00add41039c676a3d2df8157b6677bafb4bad8aba2616a4a4ef4e3ee2001ada26a4344e4f9ee5ab7b0ff29e444a8b728ab5e1005686d1e58167406
  languageName: node
  linkType: hard

"@girs/adw-1@npm:^5.5.0":
  version: 5.5.0
  resolution: "@girs/adw-1@npm:5.5.0"
  dependencies:
    "@girs/cairo-1.0": "npm:^5.5.0"
    "@girs/freetype2-2.0": "npm:^5.5.0"
    "@girs/gdk-4.0": "npm:^5.5.0"
    "@girs/gdkpixbuf-2.0": "npm:^5.5.0"
    "@girs/gio-2.0": "npm:^5.5.0"
    "@girs/gjs": "npm:^5.5.0"
    "@girs/glib-2.0": "npm:^5.5.0"
    "@girs/gmodule-2.0": "npm:^5.5.0"
    "@girs/gobject-2.0": "npm:^5.5.0"
    "@girs/graphene-1.0": "npm:^5.5.0"
    "@girs/gsk-4.0": "npm:^5.5.0"
    "@girs/gtk-4.0": "npm:^5.5.0"
    "@girs/harfbuzz-0.0": "npm:^5.5.0"
    "@girs/pango-1.0": "npm:^5.5.0"
    "@girs/pangocairo-1.0": "npm:^5.5.0"
  checksum: 10/31f323bba1b8db874631d7c0741fc2a554cb3cd20a63f954f155da6f9d9766212be7732fd9df4f536dcdefe68ff65f6df5335e884526796a4ba91c88ff8853aa
  languageName: node
  linkType: hard

"@girs/atk-1.0@npm:^5.5.0":
  version: 5.5.0
  resolution: "@girs/atk-1.0@npm:5.5.0"
  dependencies:
    "@girs/gjs": "npm:^5.5.0"
    "@girs/glib-2.0": "npm:^5.5.0"
    "@girs/gobject-2.0": "npm:^5.5.0"
  checksum: 10/b62665bd32a027d858cc667a4482d7ef8ad24b6b8810525f595e748aaa04fd57bfb80a0bb7ede6ee02e2cde0f04abd50a0f3b125b1ca43402efbf7070157948a
  languageName: node
  linkType: hard

"@girs/cairo-1.0@npm:^5.5.0":
  version: 5.5.0
  resolution: "@girs/cairo-1.0@npm:5.5.0"
  dependencies:
    "@girs/gjs": "npm:^5.5.0"
    "@girs/glib-2.0": "npm:^5.5.0"
    "@girs/gobject-2.0": "npm:^5.5.0"
  checksum: 10/1b885e4fca31b7dc07c6e3473a742e550e5891174f30c0d8d5234b6d6008ae734e469d21109958ec95b88ef1230704ac8f1101f3659a3aefcc4dc1994ade4de9
  languageName: node
  linkType: hard

"@girs/clutter-18@npm:^5.5.0":
  version: 5.5.0
  resolution: "@girs/clutter-18@npm:5.5.0"
  dependencies:
    "@girs/atk-1.0": "npm:^5.5.0"
    "@girs/cairo-1.0": "npm:^5.5.0"
    "@girs/cogl-18": "npm:^5.5.0"
    "@girs/freetype2-2.0": "npm:^5.5.0"
    "@girs/gio-2.0": "npm:^5.5.0"
    "@girs/gjs": "npm:^5.5.0"
    "@girs/gl-1.0": "npm:^5.5.0"
    "@girs/glib-2.0": "npm:^5.5.0"
    "@girs/gmodule-2.0": "npm:^5.5.0"
    "@girs/gobject-2.0": "npm:^5.5.0"
    "@girs/graphene-1.0": "npm:^5.5.0"
    "@girs/harfbuzz-0.0": "npm:^5.5.0"
    "@girs/mtk-18": "npm:^5.5.0"
    "@girs/pango-1.0": "npm:^5.5.0"
  checksum: 10/bfd2e6ca20a34678216a56899669b6a9004cff89268b09da3a12bd0bc3631f5dbb7a93dc805858edad2e4001bcdf2042778ab0d639b5191b6df488ca443292fa
  languageName: node
  linkType: hard

"@girs/cogl-18@npm:^5.5.0":
  version: 5.5.0
  resolution: "@girs/cogl-18@npm:5.5.0"
  dependencies:
    "@girs/gjs": "npm:^5.5.0"
    "@girs/gl-1.0": "npm:^5.5.0"
    "@girs/glib-2.0": "npm:^5.5.0"
    "@girs/gobject-2.0": "npm:^5.5.0"
    "@girs/graphene-1.0": "npm:^5.5.0"
    "@girs/mtk-18": "npm:^5.5.0"
  checksum: 10/1ff1fcb033de91282e15116f9399f3cdd52b49c2cca59c62d944598e1bcab4bad9588fea1fd824620407ee01a6fb6b95de44e059933f1f148c07814430477c26
  languageName: node
  linkType: hard

"@girs/freetype2-2.0@npm:^5.5.0":
  version: 5.5.0
  resolution: "@girs/freetype2-2.0@npm:5.5.0"
  dependencies:
    "@girs/gjs": "npm:^5.5.0"
    "@girs/gobject-2.0": "npm:^5.5.0"
  checksum: 10/b4c34e6ed9f08de4fb19c054f974bbe6eb8ae2efa7c7026285bfdbe8d6137a3056b7964ecb8047dfa40c311b0b7131efa998da34016a7e9c9bceb4aa31f60217
  languageName: node
  linkType: hard

"@girs/gck-2@npm:^5.5.0":
  version: 5.5.0
  resolution: "@girs/gck-2@npm:5.5.0"
  dependencies:
    "@girs/gio-2.0": "npm:^5.5.0"
    "@girs/gjs": "npm:^5.5.0"
    "@girs/glib-2.0": "npm:^5.5.0"
    "@girs/gmodule-2.0": "npm:^5.5.0"
    "@girs/gobject-2.0": "npm:^5.5.0"
  checksum: 10/ab3b3ee0bf4ab31cdae56a21d6fcdbee41dfc1594a8050482b02302908b82f415bc9c5a144bbddcdfaa40d3ff33305bc799a219d4fdd9e2ecdf5c7ff9271c0eb
  languageName: node
  linkType: hard

"@girs/gcr-4@npm:^5.5.0":
  version: 5.5.0
  resolution: "@girs/gcr-4@npm:5.5.0"
  dependencies:
    "@girs/gck-2": "npm:^5.5.0"
    "@girs/gio-2.0": "npm:^5.5.0"
    "@girs/gjs": "npm:^5.5.0"
    "@girs/glib-2.0": "npm:^5.5.0"
    "@girs/gmodule-2.0": "npm:^5.5.0"
    "@girs/gobject-2.0": "npm:^5.5.0"
  checksum: 10/31f929ae255cbd32809bf8670429f164817f476a44912604a33f3acaa873165782189dd0b01ade0976d761d174aee231ffb2f65bdb589d09fdd29d7b04a71a3f
  languageName: node
  linkType: hard

"@girs/gdesktopenums-3.0@npm:^5.5.0":
  version: 5.5.0
  resolution: "@girs/gdesktopenums-3.0@npm:5.5.0"
  dependencies:
    "@girs/gjs": "npm:^5.5.0"
    "@girs/gobject-2.0": "npm:^5.5.0"
  checksum: 10/4e7fbd5871e85eb8120dfde39a4e1889126145f0b5b168f3f7bbc63debb3613d4254c7aa8cf873bab20a39fffe7d0ecdaad484e0704ec33c23ea512b9c49d767
  languageName: node
  linkType: hard

"@girs/gdk-4.0@npm:^5.5.0":
  version: 5.5.0
  resolution: "@girs/gdk-4.0@npm:5.5.0"
  dependencies:
    "@girs/cairo-1.0": "npm:^5.5.0"
    "@girs/freetype2-2.0": "npm:^5.5.0"
    "@girs/gdkpixbuf-2.0": "npm:^5.5.0"
    "@girs/gio-2.0": "npm:^5.5.0"
    "@girs/gjs": "npm:^5.5.0"
    "@girs/glib-2.0": "npm:^5.5.0"
    "@girs/gmodule-2.0": "npm:^5.5.0"
    "@girs/gobject-2.0": "npm:^5.5.0"
    "@girs/harfbuzz-0.0": "npm:^5.5.0"
    "@girs/pango-1.0": "npm:^5.5.0"
    "@girs/pangocairo-1.0": "npm:^5.5.0"
  checksum: 10/ddebdc3ffd2dd74e8876c690aa65867471b645e01f70310bf7dea655a336d2e43dd42acf1deafea4cb0b7a5455be83c0b2211102c03c67bf553066ad975a5e61
  languageName: node
  linkType: hard

"@girs/gdkpixbuf-2.0@npm:^5.5.0":
  version: 5.5.0
  resolution: "@girs/gdkpixbuf-2.0@npm:5.5.0"
  dependencies:
    "@girs/gio-2.0": "npm:^5.5.0"
    "@girs/gjs": "npm:^5.5.0"
    "@girs/glib-2.0": "npm:^5.5.0"
    "@girs/gmodule-2.0": "npm:^5.5.0"
    "@girs/gobject-2.0": "npm:^5.5.0"
  checksum: 10/544ca811e2b6b12d20a3bc6f243e1b40bc6f9e563cd36e2661286f11887917598f04b6605854ceddb270a47cf6168f4c5d48c1b5dfc38881ea364c177b1a5d46
  languageName: node
  linkType: hard

"@girs/gdm-1.0@npm:^5.5.0":
  version: 5.5.0
  resolution: "@girs/gdm-1.0@npm:5.5.0"
  dependencies:
    "@girs/gio-2.0": "npm:^5.5.0"
    "@girs/gjs": "npm:^5.5.0"
    "@girs/glib-2.0": "npm:^5.5.0"
    "@girs/gmodule-2.0": "npm:^5.5.0"
    "@girs/gobject-2.0": "npm:^5.5.0"
  checksum: 10/2619ff878e97b1fe0947f3c8c35ccc062bee57f800c22a54f46868daabc17c69306f56a31b79589c9cf553d8b1f7a212cf78329bee115efa43c04a0f775a366a
  languageName: node
  linkType: hard

"@girs/gio-2.0@npm:^5.5.0":
  version: 5.5.0
  resolution: "@girs/gio-2.0@npm:5.5.0"
  dependencies:
    "@girs/gjs": "npm:^5.5.0"
    "@girs/glib-2.0": "npm:^5.5.0"
    "@girs/gmodule-2.0": "npm:^5.5.0"
    "@girs/gobject-2.0": "npm:^5.5.0"
  checksum: 10/368eecac4523930c37ba6d718d7cd84a0d4834c59c17508da72ebd1d3c04d75f1be0106f2de09dba5a1946cb0e7738c78a32836a14f84b16cb7ab90ebba175ec
  languageName: node
  linkType: hard

"@girs/giounix-2.0@npm:^5.5.0":
  version: 5.5.0
  resolution: "@girs/giounix-2.0@npm:5.5.0"
  dependencies:
    "@girs/gio-2.0": "npm:^5.5.0"
    "@girs/gjs": "npm:^5.5.0"
    "@girs/glib-2.0": "npm:^5.5.0"
    "@girs/gmodule-2.0": "npm:^5.5.0"
    "@girs/gobject-2.0": "npm:^5.5.0"
  checksum: 10/162315693f7aaee37ab77fc25a77c39e0581c03bd963de54d854b75cb40fac9792a794dc0cd47b82acb0579ed8fd6349784043c1b4a6af0732d2fa298c5fbea6
  languageName: node
  linkType: hard

"@girs/gjs@npm:^5.5.0":
  version: 5.5.0
  resolution: "@girs/gjs@npm:5.5.0"
  dependencies:
    "@girs/cairo-1.0": "npm:^5.5.0"
    "@girs/gio-2.0": "npm:^5.5.0"
    "@girs/glib-2.0": "npm:^5.5.0"
    "@girs/gobject-2.0": "npm:^5.5.0"
  checksum: 10/267d299f1820a5f395c7d871c3c9bfb8903b6afa3bf0277a50a35718ddc2497184e8523f9286bbaca80f34eb0e6a454815bf95a6c158fbab68b0e82ec6d64135
  languageName: node
  linkType: hard

"@girs/gl-1.0@npm:^5.5.0":
  version: 5.5.0
  resolution: "@girs/gl-1.0@npm:5.5.0"
  dependencies:
    "@girs/gjs": "npm:^5.5.0"
    "@girs/gobject-2.0": "npm:^5.5.0"
  checksum: 10/28981096a8e282ca92b65882b776024874bd0e060dcd9a7a6e9345aed019d8f16763c9018f0c513ce9916b38b3370019367f18bfc8bcee2104859b9fe5c1e7fb
  languageName: node
  linkType: hard

"@girs/glib-2.0@npm:^5.5.0":
  version: 5.5.0
  resolution: "@girs/glib-2.0@npm:5.5.0"
  dependencies:
    "@girs/gjs": "npm:^5.5.0"
    "@girs/gobject-2.0": "npm:^5.5.0"
  checksum: 10/dfbe35d0c6c61cc46baee74a66167f0a5deac6790e572202c1d5ddc9d627718f47483deea2a6776d0967c885f703f847caf6c70c0dd296c659e0468e91fbc6f6
  languageName: node
  linkType: hard

"@girs/gmodule-2.0@npm:^5.5.0":
  version: 5.5.0
  resolution: "@girs/gmodule-2.0@npm:5.5.0"
  dependencies:
    "@girs/gjs": "npm:^5.5.0"
    "@girs/glib-2.0": "npm:^5.5.0"
    "@girs/gobject-2.0": "npm:^5.5.0"
  checksum: 10/ce8196bfa61f856f489082674a16f66aa51fe5ecdbb52734c80488f46a316a16308f575f6b2b45818527fe35d76b5643f259b97282d81360f1a59c10adc99f64
  languageName: node
  linkType: hard

"@girs/gnome-shell@workspace:^, @girs/gnome-shell@workspace:packages/gnome-shell":
  version: 0.0.0-use.local
  resolution: "@girs/gnome-shell@workspace:packages/gnome-shell"
  dependencies:
    "@girs/accountsservice-1.0": "npm:^5.5.0"
    "@girs/adw-1": "npm:^5.5.0"
    "@girs/atk-1.0": "npm:^5.5.0"
    "@girs/clutter-18": "npm:^5.5.0"
    "@girs/cogl-18": "npm:^5.5.0"
    "@girs/gcr-4": "npm:^5.5.0"
    "@girs/gdm-1.0": "npm:^5.5.0"
    "@girs/gio-2.0": "npm:^5.5.0"
    "@girs/giounix-2.0": "npm:^5.5.0"
    "@girs/gjs": "npm:^5.5.0"
    "@girs/glib-2.0": "npm:^5.5.0"
    "@girs/gnomebg-4.0": "npm:^5.5.0"
    "@girs/gnomebluetooth-3.0": "npm:^5.5.0"
    "@girs/gnomedesktop-4.0": "npm:^5.5.0"
    "@girs/gobject-2.0": "npm:^5.5.0"
    "@girs/gtk-4.0": "npm:^5.5.0"
    "@girs/gvc-1.0": "npm:^5.5.0"
    "@girs/meta-18": "npm:^5.5.0"
    "@girs/mtk-18": "npm:^5.5.0"
    "@girs/polkit-1.0": "npm:^5.5.0"
    "@girs/shell-18": "npm:^5.5.0"
    "@girs/shew-0": "npm:^5.5.0"
    "@girs/st-18": "npm:^5.5.0"
    "@girs/upowerglib-1.0": "npm:^5.5.0"
    "@tsconfig/strictest": "npm:^2.0.8"
    typescript: "npm:^6.0.3"
  languageName: unknown
  linkType: soft

"@girs/gnomebg-4.0@npm:^5.5.0":
  version: 5.5.0
  resolution: "@girs/gnomebg-4.0@npm:5.5.0"
  dependencies:
    "@girs/cairo-1.0": "npm:^5.5.0"
    "@girs/freetype2-2.0": "npm:^5.5.0"
    "@girs/gdesktopenums-3.0": "npm:^5.5.0"
    "@girs/gdk-4.0": "npm:^5.5.0"
    "@girs/gdkpixbuf-2.0": "npm:^5.5.0"
    "@girs/gio-2.0": "npm:^5.5.0"
    "@girs/gjs": "npm:^5.5.0"
    "@girs/glib-2.0": "npm:^5.5.0"
    "@girs/gmodule-2.0": "npm:^5.5.0"
    "@girs/gnomedesktop-4.0": "npm:^5.5.0"
    "@girs/gobject-2.0": "npm:^5.5.0"
    "@girs/harfbuzz-0.0": "npm:^5.5.0"
    "@girs/pango-1.0": "npm:^5.5.0"
    "@girs/pangocairo-1.0": "npm:^5.5.0"
  checksum: 10/3d696e0401150342535b047c2477a2a64f1d097be8d04bd9125a41185abe2408def36231addaf8de2ed3602084ac5f0de29607557d1a4e566b56c328481572d5
  languageName: node
  linkType: hard

"@girs/gnomebluetooth-3.0@npm:^5.5.0":
  version: 5.5.0
  resolution: "@girs/gnomebluetooth-3.0@npm:5.5.0"
  dependencies:
    "@girs/gio-2.0": "npm:^5.5.0"
    "@girs/gjs": "npm:^5.5.0"
    "@girs/glib-2.0": "npm:^5.5.0"
    "@girs/gmodule-2.0": "npm:^5.5.0"
    "@girs/gobject-2.0": "npm:^5.5.0"
  checksum: 10/646a78922264e6c1592b9686963708fd995b72793ca1369e8b4ab90736bec19779117d954bdea96d50a1dffcbab720dd24478db6f6279714d1bcec6c5eb72d15
  languageName: node
  linkType: hard

"@girs/gnomedesktop-4.0@npm:^5.5.0":
  version: 5.5.0
  resolution: "@girs/gnomedesktop-4.0@npm:5.5.0"
  dependencies:
    "@girs/gdesktopenums-3.0": "npm:^5.5.0"
    "@girs/gdkpixbuf-2.0": "npm:^5.5.0"
    "@girs/gio-2.0": "npm:^5.5.0"
    "@girs/gjs": "npm:^5.5.0"
    "@girs/glib-2.0": "npm:^5.5.0"
    "@girs/gmodule-2.0": "npm:^5.5.0"
    "@girs/gobject-2.0": "npm:^5.5.0"
  checksum: 10/416c5384f34cc6bc096ff9af51a77b74f2f53978e9454ab7904dc003e310f9d32306eaa1e53156ea5516e52cb891a21e957c28898744435552fdd9afc5c14a9d
  languageName: node
  linkType: hard

"@girs/gobject-2.0@npm:^5.5.0":
  version: 5.5.0
  resolution: "@girs/gobject-2.0@npm:5.5.0"
  dependencies:
    "@girs/gjs": "npm:^5.5.0"
    "@girs/glib-2.0": "npm:^5.5.0"
  checksum: 10/2654344fc97e6c78a3585ae845fc014537353ce4cb2830958f4fbad2a3cd3edab98521f257b774334696714bebec79e97a9676238908e48eddc75b8428c99d78
  languageName: node
  linkType: hard

"@girs/graphene-1.0@npm:^5.5.0":
  version: 5.5.0
  resolution: "@girs/graphene-1.0@npm:5.5.0"
  dependencies:
    "@girs/gjs": "npm:^5.5.0"
    "@girs/glib-2.0": "npm:^5.5.0"
    "@girs/gobject-2.0": "npm:^5.5.0"
  checksum: 10/1793760a69753bd9d092690284b672d930666bf72ddff75f4f4fa9dc34411ea265f51e51a5440e690e6c6e908df4853768c37bb255f1e210793d65089cc75225
  languageName: node
  linkType: hard

"@girs/gsk-4.0@npm:^5.5.0":
  version: 5.5.0
  resolution: "@girs/gsk-4.0@npm:5.5.0"
  dependencies:
    "@girs/cairo-1.0": "npm:^5.5.0"
    "@girs/freetype2-2.0": "npm:^5.5.0"
    "@girs/gdk-4.0": "npm:^5.5.0"
    "@girs/gdkpixbuf-2.0": "npm:^5.5.0"
    "@girs/gio-2.0": "npm:^5.5.0"
    "@girs/gjs": "npm:^5.5.0"
    "@girs/glib-2.0": "npm:^5.5.0"
    "@girs/gmodule-2.0": "npm:^5.5.0"
    "@girs/gobject-2.0": "npm:^5.5.0"
    "@girs/graphene-1.0": "npm:^5.5.0"
    "@girs/harfbuzz-0.0": "npm:^5.5.0"
    "@girs/pango-1.0": "npm:^5.5.0"
    "@girs/pangocairo-1.0": "npm:^5.5.0"
  checksum: 10/0a21c796f9a6409c6eaa0388a16fcc6e256a227af4ebb56202d84aeaedac1f1e344a09d3964dad2db9f62246d175340cfbf16c5fb59502bb5309455bcb69ee7d
  languageName: node
  linkType: hard

"@girs/gtk-4.0@npm:^5.5.0":
  version: 5.5.0
  resolution: "@girs/gtk-4.0@npm:5.5.0"
  dependencies:
    "@girs/cairo-1.0": "npm:^5.5.0"
    "@girs/freetype2-2.0": "npm:^5.5.0"
    "@girs/gdk-4.0": "npm:^5.5.0"
    "@girs/gdkpixbuf-2.0": "npm:^5.5.0"
    "@girs/gio-2.0": "npm:^5.5.0"
    "@girs/gjs": "npm:^5.5.0"
    "@girs/glib-2.0": "npm:^5.5.0"
    "@girs/gmodule-2.0": "npm:^5.5.0"
    "@girs/gobject-2.0": "npm:^5.5.0"
    "@girs/graphene-1.0": "npm:^5.5.0"
    "@girs/gsk-4.0": "npm:^5.5.0"
    "@girs/harfbuzz-0.0": "npm:^5.5.0"
    "@girs/pango-1.0": "npm:^5.5.0"
    "@girs/pangocairo-1.0": "npm:^5.5.0"
  checksum: 10/8f8520a876277f285c0255cd7e0319d489deadc898d34cfed6ddef931fd77b69d2df91a19705cd3109473aad8ac442200dc64c7377c73f3cea46d8a6bdca809b
  languageName: node
  linkType: hard

"@girs/gvc-1.0@npm:^5.5.0":
  version: 5.5.0
  resolution: "@girs/gvc-1.0@npm:5.5.0"
  dependencies:
    "@girs/gio-2.0": "npm:^5.5.0"
    "@girs/gjs": "npm:^5.5.0"
    "@girs/glib-2.0": "npm:^5.5.0"
    "@girs/gmodule-2.0": "npm:^5.5.0"
    "@girs/gobject-2.0": "npm:^5.5.0"
  checksum: 10/746cce252f64635afbc150a7794abafd29986b1f6e6c62540ef9668526ad40d1fd1431530815f8e147c6a96b5978aa56399ce7ec02c69ed948182182cfcbfcf5
  languageName: node
  linkType: hard

"@girs/harfbuzz-0.0@npm:^5.5.0":
  version: 5.5.0
  resolution: "@girs/harfbuzz-0.0@npm:5.5.0"
  dependencies:
    "@girs/freetype2-2.0": "npm:^5.5.0"
    "@girs/gjs": "npm:^5.5.0"
    "@girs/glib-2.0": "npm:^5.5.0"
    "@girs/gobject-2.0": "npm:^5.5.0"
  checksum: 10/ae3b825ad272e03c04b9551af7df8f79c762be64016b00d0e04f919adf3bf1d57f3b2bfd2eeb9685c1166e338f2ba55d02f6cde79a383ea20cbdb5d71007ea0a
  languageName: node
  linkType: hard

"@girs/meta-18@npm:^5.5.0":
  version: 5.5.0
  resolution: "@girs/meta-18@npm:5.5.0"
  dependencies:
    "@girs/atk-1.0": "npm:^5.5.0"
    "@girs/cairo-1.0": "npm:^5.5.0"
    "@girs/clutter-18": "npm:^5.5.0"
    "@girs/cogl-18": "npm:^5.5.0"
    "@girs/freetype2-2.0": "npm:^5.5.0"
    "@girs/gdesktopenums-3.0": "npm:^5.5.0"
    "@girs/gio-2.0": "npm:^5.5.0"
    "@girs/gjs": "npm:^5.5.0"
    "@girs/gl-1.0": "npm:^5.5.0"
    "@girs/glib-2.0": "npm:^5.5.0"
    "@girs/gmodule-2.0": "npm:^5.5.0"
    "@girs/gobject-2.0": "npm:^5.5.0"
    "@girs/graphene-1.0": "npm:^5.5.0"
    "@girs/harfbuzz-0.0": "npm:^5.5.0"
    "@girs/mtk-18": "npm:^5.5.0"
    "@girs/pango-1.0": "npm:^5.5.0"
    "@girs/xfixes-4.0": "npm:^5.5.0"
    "@girs/xlib-2.0": "npm:^5.5.0"
  checksum: 10/3d8d97ead89a45775f841f68b63f8c05dd18cb616cede1e977184a94cab3e608bdcd0adbf4701d102e72ad4cff29a38248d0c19bcd053e04f70369f4ab7c9d8a
  languageName: node
  linkType: hard

"@girs/mtk-18@npm:^5.5.0":
  version: 5.5.0
  resolution: "@girs/mtk-18@npm:5.5.0"
  dependencies:
    "@girs/gjs": "npm:^5.5.0"
    "@girs/glib-2.0": "npm:^5.5.0"
    "@girs/gobject-2.0": "npm:^5.5.0"
    "@girs/graphene-1.0": "npm:^5.5.0"
  checksum: 10/5a37d0ce4a760c289833bb09a9198fd1b0c2219676c397a9804f9479a2c2b437b194cb7a7240829e0a39f9d3fcfcad8bd0d483d086e04d6df916f7379acf9a9f
  languageName: node
  linkType: hard

"@girs/nm-1.0@npm:^5.5.0":
  version: 5.5.0
  resolution: "@girs/nm-1.0@npm:5.5.0"
  dependencies:
    "@girs/gio-2.0": "npm:^5.5.0"
    "@girs/gjs": "npm:^5.5.0"
    "@girs/glib-2.0": "npm:^5.5.0"
    "@girs/gmodule-2.0": "npm:^5.5.0"
    "@girs/gobject-2.0": "npm:^5.5.0"
  checksum: 10/c5edb7dbf595fb333a4094a6c5e62a12ee3d9e49f2ac0111bb746356c726c6f072812821d63431293894dc0a1655d5c2b1938e7722234633025a8009a115c6da
  languageName: node
  linkType: hard

"@girs/pango-1.0@npm:^5.5.0":
  version: 5.5.0
  resolution: "@girs/pango-1.0@npm:5.5.0"
  dependencies:
    "@girs/cairo-1.0": "npm:^5.5.0"
    "@girs/freetype2-2.0": "npm:^5.5.0"
    "@girs/gio-2.0": "npm:^5.5.0"
    "@girs/gjs": "npm:^5.5.0"
    "@girs/glib-2.0": "npm:^5.5.0"
    "@girs/gmodule-2.0": "npm:^5.5.0"
    "@girs/gobject-2.0": "npm:^5.5.0"
    "@girs/harfbuzz-0.0": "npm:^5.5.0"
  checksum: 10/26a53eb3a809ca76be38b5ce86c34335328b4bd8416f568283ecb235aa6c60af6cb97a4f6ec31ddf7f1aceac5de2d92b0c193ab24cabb1bebec38cc8f124ec14
  languageName: node
  linkType: hard

"@girs/pangocairo-1.0@npm:^5.5.0":
  version: 5.5.0
  resolution: "@girs/pangocairo-1.0@npm:5.5.0"
  dependencies:
    "@girs/cairo-1.0": "npm:^5.5.0"
    "@girs/freetype2-2.0": "npm:^5.5.0"
    "@girs/gio-2.0": "npm:^5.5.0"
    "@girs/gjs": "npm:^5.5.0"
    "@girs/glib-2.0": "npm:^5.5.0"
    "@girs/gmodule-2.0": "npm:^5.5.0"
    "@girs/gobject-2.0": "npm:^5.5.0"
    "@girs/harfbuzz-0.0": "npm:^5.5.0"
    "@girs/pango-1.0": "npm:^5.5.0"
  checksum: 10/0430f507a4291c8ffc6f8add9a367fbdd1cca2a6925121f9d14316a951a5145c765fa89f4beabcff69f2aaa8856a4ed149d6dbcedfab186a9390f490a5b58e60
  languageName: node
  linkType: hard

"@girs/polkit-1.0@npm:^5.5.0":
  version: 5.5.0
  resolution: "@girs/polkit-1.0@npm:5.5.0"
  dependencies:
    "@girs/gio-2.0": "npm:^5.5.0"
    "@girs/gjs": "npm:^5.5.0"
    "@girs/glib-2.0": "npm:^5.5.0"
    "@girs/gmodule-2.0": "npm:^5.5.0"
    "@girs/gobject-2.0": "npm:^5.5.0"
  checksum: 10/c23f64ba7e3ed4ca7972ac65362953883ea354330d9c945c9ca507954497dbf8a07600ccacf39bbd944b23609271b826bfbb618a8b96c3415550d63f8ffb4a56
  languageName: node
  linkType: hard

"@girs/polkitagent-1.0@npm:^5.5.0":
  version: 5.5.0
  resolution: "@girs/polkitagent-1.0@npm:5.5.0"
  dependencies:
    "@girs/gio-2.0": "npm:^5.5.0"
    "@girs/gjs": "npm:^5.5.0"
    "@girs/glib-2.0": "npm:^5.5.0"
    "@girs/gmodule-2.0": "npm:^5.5.0"
    "@girs/gobject-2.0": "npm:^5.5.0"
    "@girs/polkit-1.0": "npm:^5.5.0"
  checksum: 10/70de0d8f0867c8683ab0f807712dea37bf7f9b75e217aae4cb64f9617ff2ae70180fbbf18fa0a3a0887a9f9dfdd39c8ade1f0c386485741d4011d74035060d17
  languageName: node
  linkType: hard

"@girs/shell-18@npm:^5.5.0":
  version: 5.5.0
  resolution: "@girs/shell-18@npm:5.5.0"
  dependencies:
    "@girs/atk-1.0": "npm:^5.5.0"
    "@girs/cairo-1.0": "npm:^5.5.0"
    "@girs/clutter-18": "npm:^5.5.0"
    "@girs/cogl-18": "npm:^5.5.0"
    "@girs/freetype2-2.0": "npm:^5.5.0"
    "@girs/gck-2": "npm:^5.5.0"
    "@girs/gcr-4": "npm:^5.5.0"
    "@girs/gdesktopenums-3.0": "npm:^5.5.0"
    "@girs/gdkpixbuf-2.0": "npm:^5.5.0"
    "@girs/gio-2.0": "npm:^5.5.0"
    "@girs/giounix-2.0": "npm:^5.5.0"
    "@girs/gjs": "npm:^5.5.0"
    "@girs/gl-1.0": "npm:^5.5.0"
    "@girs/glib-2.0": "npm:^5.5.0"
    "@girs/gmodule-2.0": "npm:^5.5.0"
    "@girs/gobject-2.0": "npm:^5.5.0"
    "@girs/graphene-1.0": "npm:^5.5.0"
    "@girs/gvc-1.0": "npm:^5.5.0"
    "@girs/harfbuzz-0.0": "npm:^5.5.0"
    "@girs/meta-18": "npm:^5.5.0"
    "@girs/mtk-18": "npm:^5.5.0"
    "@girs/nm-1.0": "npm:^5.5.0"
    "@girs/pango-1.0": "npm:^5.5.0"
    "@girs/polkit-1.0": "npm:^5.5.0"
    "@girs/polkitagent-1.0": "npm:^5.5.0"
    "@girs/st-18": "npm:^5.5.0"
    "@girs/xfixes-4.0": "npm:^5.5.0"
    "@girs/xlib-2.0": "npm:^5.5.0"
  checksum: 10/7c2f8600dec253fe0e53ab7910d1c4445af4f14c283fa4328eeb0542b947c9b7625a744d6a0c509b1fecc2bcf28ba6124aff03e306d7b2be414b6f534507fbdb
  languageName: node
  linkType: hard

"@girs/shew-0@npm:^5.5.0":
  version: 5.5.0
  resolution: "@girs/shew-0@npm:5.5.0"
  dependencies:
    "@girs/cairo-1.0": "npm:^5.5.0"
    "@girs/freetype2-2.0": "npm:^5.5.0"
    "@girs/gdk-4.0": "npm:^5.5.0"
    "@girs/gdkpixbuf-2.0": "npm:^5.5.0"
    "@girs/gio-2.0": "npm:^5.5.0"
    "@girs/gjs": "npm:^5.5.0"
    "@girs/glib-2.0": "npm:^5.5.0"
    "@girs/gmodule-2.0": "npm:^5.5.0"
    "@girs/gobject-2.0": "npm:^5.5.0"
    "@girs/graphene-1.0": "npm:^5.5.0"
    "@girs/gsk-4.0": "npm:^5.5.0"
    "@girs/gtk-4.0": "npm:^5.5.0"
    "@girs/harfbuzz-0.0": "npm:^5.5.0"
    "@girs/pango-1.0": "npm:^5.5.0"
    "@girs/pangocairo-1.0": "npm:^5.5.0"
  checksum: 10/5dfbfe0c6e593b7cd1d045c3983433ff399fa33a6e3627987cbf4829974ca69ab3831ace250f9682c0ec0cb5ff90a7c9abfffd6bcaed2d02f4a02ab938fed676
  languageName: node
  linkType: hard

"@girs/st-18@npm:^5.5.0":
  version: 5.5.0
  resolution: "@girs/st-18@npm:5.5.0"
  dependencies:
    "@girs/atk-1.0": "npm:^5.5.0"
    "@girs/cairo-1.0": "npm:^5.5.0"
    "@girs/clutter-18": "npm:^5.5.0"
    "@girs/cogl-18": "npm:^5.5.0"
    "@girs/freetype2-2.0": "npm:^5.5.0"
    "@girs/gdesktopenums-3.0": "npm:^5.5.0"
    "@girs/gdkpixbuf-2.0": "npm:^5.5.0"
    "@girs/gio-2.0": "npm:^5.5.0"
    "@girs/gjs": "npm:^5.5.0"
    "@girs/gl-1.0": "npm:^5.5.0"
    "@girs/glib-2.0": "npm:^5.5.0"
    "@girs/gmodule-2.0": "npm:^5.5.0"
    "@girs/gobject-2.0": "npm:^5.5.0"
    "@girs/graphene-1.0": "npm:^5.5.0"
    "@girs/harfbuzz-0.0": "npm:^5.5.0"
    "@girs/meta-18": "npm:^5.5.0"
    "@girs/mtk-18": "npm:^5.5.0"
    "@girs/pango-1.0": "npm:^5.5.0"
    "@girs/xfixes-4.0": "npm:^5.5.0"
    "@girs/xlib-2.0": "npm:^5.5.0"
  checksum: 10/0dfca6728c84c2206619aa43e0667a0b5af7c249ba1b827433851fa48c9b6cf72d6ff4512844de92c4c420b97f5c212f2a9737ae224c3894e162d5a0f42744f5
  languageName: node
  linkType: hard

"@girs/upowerglib-1.0@npm:^5.5.0":
  version: 5.5.0
  resolution: "@girs/upowerglib-1.0@npm:5.5.0"
  dependencies:
    "@girs/gio-2.0": "npm:^5.5.0"
    "@girs/gjs": "npm:^5.5.0"
    "@girs/glib-2.0": "npm:^5.5.0"
    "@girs/gmodule-2.0": "npm:^5.5.0"
    "@girs/gobject-2.0": "npm:^5.5.0"
  checksum: 10/7607c5507935407dca69f1829a76d5e42cc0f7ec67a81d206e546268aef00c3276eb74f256105d2a661a19bd8521f1fb70054dcd2968131477b6f8b766e5ba89
  languageName: node
  linkType: hard

"@girs/xfixes-4.0@npm:^5.5.0":
  version: 5.5.0
  resolution: "@girs/xfixes-4.0@npm:5.5.0"
  dependencies:
    "@girs/gjs": "npm:^5.5.0"
    "@girs/gobject-2.0": "npm:^5.5.0"
  checksum: 10/06e843b76e4c2137184e847f6356ef7be67b90f80983f991d2d21b7a263b2de557d6c19da262ea3c99900eeec00a99577718f74f7113bdf22588fd08bc0fe793
  languageName: node
  linkType: hard

"@girs/xlib-2.0@npm:^5.5.0":
  version: 5.5.0
  resolution: "@girs/xlib-2.0@npm:5.5.0"
  dependencies:
    "@girs/gjs": "npm:^5.5.0"
    "@girs/gobject-2.0": "npm:^5.5.0"
  checksum: 10/27647a2465e6f13b88fa196b36152cfd9c3068af85b7e4da43178e34441abe0ec882be4797059593da93d9c9c17390dc1953166243c777c65c2fd80ce3ac276c
  languageName: node
  linkType: hard

"@gjsify/gnome-shell-hello-world-example@workspace:examples/hello-world":
  version: 0.0.0-use.local
  resolution: "@gjsify/gnome-shell-hello-world-example@workspace:examples/hello-world"
  dependencies:
    "@girs/gjs": "npm:^5.5.0"
    "@girs/gnome-shell": "workspace:^"
    "@girs/gobject-2.0": "npm:^5.5.0"
    "@girs/st-18": "npm:^5.5.0"
    "@tsconfig/strictest": "npm:^2.0.8"
    adm-zip: "npm:^0.5.17"
    esbuild: "npm:^0.28.0"
    typescript: "npm:6.0.2"
  languageName: unknown
  linkType: soft

"@tsconfig/strictest@npm:^2.0.8":
  version: 2.0.8
  resolution: "@tsconfig/strictest@npm:2.0.8"
  checksum: 10/74c493af61886c2653df94635ecb79a0d9e61ecc0136475698cfa4adbb8957583497a1907de4ed9882557fd22d187985a4e4ab28290db236d7a0dd8264a6ba44
  languageName: node
  linkType: hard

"adm-zip@npm:^0.5.17":
  version: 0.5.17
  resolution: "adm-zip@npm:0.5.17"
  checksum: 10/035ea96d04376c290bed3401b67d1a2a2654996450ec9056dccc0fb194cb6a956bf7ad388d2648b0e1775338a377805601deca4bcd689658dc1d39247a1e9bdd
  languageName: node
  linkType: hard

"esbuild@npm:^0.28.0":
  version: 0.28.0
  resolution: "esbuild@npm:0.28.0"
  dependencies:
    "@esbuild/aix-ppc64": "npm:0.28.0"
    "@esbuild/android-arm": "npm:0.28.0"
    "@esbuild/android-arm64": "npm:0.28.0"
    "@esbuild/android-x64": "npm:0.28.0"
    "@esbuild/darwin-arm64": "npm:0.28.0"
    "@esbuild/darwin-x64": "npm:0.28.0"
    "@esbuild/freebsd-arm64": "npm:0.28.0"
    "@esbuild/freebsd-x64": "npm:0.28.0"
    "@esbuild/linux-arm": "npm:0.28.0"
    "@esbuild/linux-arm64": "npm:0.28.0"
    "@esbuild/linux-ia32": "npm:0.28.0"
    "@esbuild/linux-loong64": "npm:0.28.0"
    "@esbuild/linux-mips64el": "npm:0.28.0"
    "@esbuild/linux-ppc64": "npm:0.28.0"
    "@esbuild/linux-riscv64": "npm:0.28.0"
    "@esbuild/linux-s390x": "npm:0.28.0"
    "@esbuild/linux-x64": "npm:0.28.0"
    "@esbuild/netbsd-arm64": "npm:0.28.0"
    "@esbuild/netbsd-x64": "npm:0.28.0"
    "@esbuild/openbsd-arm64": "npm:0.28.0"
    "@esbuild/openbsd-x64": "npm:0.28.0"
    "@esbuild/openharmony-arm64": "npm:0.28.0"
    "@esbuild/sunos-x64": "npm:0.28.0"
    "@esbuild/win32-arm64": "npm:0.28.0"
    "@esbuild/win32-ia32": "npm:0.28.0"
    "@esbuild/win32-x64": "npm:0.28.0"
  dependenciesMeta:
    "@esbuild/aix-ppc64":
      optional: true
    "@esbuild/android-arm":
      optional: true
    "@esbuild/android-arm64":
      optional: true
    "@esbuild/android-x64":
      optional: true
    "@esbuild/darwin-arm64":
      optional: true
    "@esbuild/darwin-x64":
      optional: true
    "@esbuild/freebsd-arm64":
      optional: true
    "@esbuild/freebsd-x64":
      optional: true
    "@esbuild/linux-arm":
      optional: true
    "@esbuild/linux-arm64":
      optional: true
    "@esbuild/linux-ia32":
      optional: true
    "@esbuild/linux-loong64":
      optional: true
    "@esbuild/linux-mips64el":
      optional: true
    "@esbuild/linux-ppc64":
      optional: true
    "@esbuild/linux-riscv64":
      optional: true
    "@esbuild/linux-s390x":
      optional: true
    "@esbuild/linux-x64":
      optional: true
    "@esbuild/netbsd-arm64":
      optional: true
    "@esbuild/netbsd-x64":
      optional: true
    "@esbuild/openbsd-arm64":
      optional: true
    "@esbuild/openbsd-x64":
      optional: true
    "@esbuild/openharmony-arm64":
      optional: true
    "@esbuild/sunos-x64":
      optional: true
    "@esbuild/win32-arm64":
      optional: true
    "@esbuild/win32-ia32":
      optional: true
    "@esbuild/win32-x64":
      optional: true
  bin:
    esbuild: bin/esbuild
  checksum: 10/49eafc8906cc4a760a1704556bd3b301f808fcdcf2725190383f151741226bf2a2898a03da75a06a896d6217dadc4f3f3168983557ee31bae602e2e37779a83a
  languageName: node
  linkType: hard

"gnome-shell@workspace:.":
  version: 0.0.0-use.local
  resolution: "gnome-shell@workspace:."
  dependencies:
    prettier: "npm:^3.8.3"
    typescript: "npm:^6.0.3"
  languageName: unknown
  linkType: soft

"prettier@npm:^3.8.3":
  version: 3.8.3
  resolution: "prettier@npm:3.8.3"
  bin:
    prettier: bin/prettier.cjs
  checksum: 10/4b3b12cbb29e4c96bed936e5d070167552500c18d37676fb3e0caae6199c42860662608e4dc116230698f6e2bb0267ef2548158224c92d40f188d309d72fdd6f
  languageName: node
  linkType: hard

"typescript@npm:6.0.2":
  version: 6.0.2
  resolution: "typescript@npm:6.0.2"
  bin:
    tsc: bin/tsc
    tsserver: bin/tsserver
  checksum: 10/b9fc2fcee7ee8e5ca6f5138181964550531e18e2d20ecb71b802d4d495881e3444e0ef94cbb6e84eb2ba41e913f6feae3ca33cc722b32e6e6dfadb32d23b80e6
  languageName: node
  linkType: hard

"typescript@npm:^6.0.3":
  version: 6.0.3
  resolution: "typescript@npm:6.0.3"
  bin:
    tsc: bin/tsc
    tsserver: bin/tsserver
  checksum: 10/0ef2357a4cffd916b52b683a021cdab0f81eea4e9aa35f2d254581c9a5106da02224e3392e1b0ed42b7a48f80c966e5f52b8e1a27941fa0523c1705a9c2e0330
  languageName: node
  linkType: hard

"typescript@patch:typescript@npm%3A6.0.2#optional!builtin<compat/typescript>":
  version: 6.0.2
  resolution: "typescript@patch:typescript@npm%3A6.0.2#optional!builtin<compat/typescript>::version=6.0.2&hash=5786d5"
  bin:
    tsc: bin/tsc
    tsserver: bin/tsserver
  checksum: 10/e5501dfcf8c5b6b9a61f6fa53decc40187cebe3a2b7b2bd51c615007ad4cf6d58298461fef63294f6be9d5f2f33019b2a2e2bf02d9cb7d7f6ec94372bf24ffa2
  languageName: node
  linkType: hard

"typescript@patch:typescript@npm%3A^6.0.3#optional!builtin<compat/typescript>":
  version: 6.0.3
  resolution: "typescript@patch:typescript@npm%3A6.0.3#optional!builtin<compat/typescript>::version=6.0.3&hash=5786d5"
  bin:
    tsc: bin/tsc
    tsserver: bin/tsserver
  checksum: 10/22b67a18dafedf9b1468b64ca20d9aa02ea61d449b65413d8aa6552aeb63f52ef369e86beb25b6b4c91a803d9726ee5c196f391a9b64201263263410a4223ee6
  languageName: node
  linkType: hard
