# This file is generated by running "yarn install" inside your project.
# Manual changes might be lost - proceed with caution!

__metadata:
  version: 8
  cacheKey: 10

"@esbuild/aix-ppc64@npm:0.28.0":
  version: 0.28.0
  resolution: "@esbuild/aix-ppc64@npm:0.28.0"
  conditions: os=aix & cpu=ppc64
  languageName: node
  linkType: hard

"@esbuild/android-arm64@npm:0.28.0":
  version: 0.28.0
  resolution: "@esbuild/android-arm64@npm:0.28.0"
  conditions: os=android & cpu=arm64
  languageName: node
  linkType: hard

"@esbuild/android-arm@npm:0.28.0":
  version: 0.28.0
  resolution: "@esbuild/android-arm@npm:0.28.0"
  conditions: os=android & cpu=arm
  languageName: node
  linkType: hard

"@esbuild/android-x64@npm:0.28.0":
  version: 0.28.0
  resolution: "@esbuild/android-x64@npm:0.28.0"
  conditions: os=android & cpu=x64
  languageName: node
  linkType: hard

"@esbuild/darwin-arm64@npm:0.28.0":
  version: 0.28.0
  resolution: "@esbuild/darwin-arm64@npm:0.28.0"
  conditions: os=darwin & cpu=arm64
  languageName: node
  linkType: hard

"@esbuild/darwin-x64@npm:0.28.0":
  version: 0.28.0
  resolution: "@esbuild/darwin-x64@npm:0.28.0"
  conditions: os=darwin & cpu=x64
  languageName: node
  linkType: hard

"@esbuild/freebsd-arm64@npm:0.28.0":
  version: 0.28.0
  resolution: "@esbuild/freebsd-arm64@npm:0.28.0"
  conditions: os=freebsd & cpu=arm64
  languageName: node
  linkType: hard

"@esbuild/freebsd-x64@npm:0.28.0":
  version: 0.28.0
  resolution: "@esbuild/freebsd-x64@npm:0.28.0"
  conditions: os=freebsd & cpu=x64
  languageName: node
  linkType: hard

"@esbuild/linux-arm64@npm:0.28.0":
  version: 0.28.0
  resolution: "@esbuild/linux-arm64@npm:0.28.0"
  conditions: os=linux & cpu=arm64
  languageName: node
  linkType: hard

"@esbuild/linux-arm@npm:0.28.0":
  version: 0.28.0
  resolution: "@esbuild/linux-arm@npm:0.28.0"
  conditions: os=linux & cpu=arm
  languageName: node
  linkType: hard

"@esbuild/linux-ia32@npm:0.28.0":
  version: 0.28.0
  resolution: "@esbuild/linux-ia32@npm:0.28.0"
  conditions: os=linux & cpu=ia32
  languageName: node
  linkType: hard

"@esbuild/linux-loong64@npm:0.28.0":
  version: 0.28.0
  resolution: "@esbuild/linux-loong64@npm:0.28.0"
  conditions: os=linux & cpu=loong64
  languageName: node
  linkType: hard

"@esbuild/linux-mips64el@npm:0.28.0":
  version: 0.28.0
  resolution: "@esbuild/linux-mips64el@npm:0.28.0"
  conditions: os=linux & cpu=mips64el
  languageName: node
  linkType: hard

"@esbuild/linux-ppc64@npm:0.28.0":
  version: 0.28.0
  resolution: "@esbuild/linux-ppc64@npm:0.28.0"
  conditions: os=linux & cpu=ppc64
  languageName: node
  linkType: hard

"@esbuild/linux-riscv64@npm:0.28.0":
  version: 0.28.0
  resolution: "@esbuild/linux-riscv64@npm:0.28.0"
  conditions: os=linux & cpu=riscv64
  languageName: node
  linkType: hard

"@esbuild/linux-s390x@npm:0.28.0":
  version: 0.28.0
  resolution: "@esbuild/linux-s390x@npm:0.28.0"
  conditions: os=linux & cpu=s390x
  languageName: node
  linkType: hard

"@esbuild/linux-x64@npm:0.28.0":
  version: 0.28.0
  resolution: "@esbuild/linux-x64@npm:0.28.0"
  conditions: os=linux & cpu=x64
  languageName: node
  linkType: hard

"@esbuild/netbsd-arm64@npm:0.28.0":
  version: 0.28.0
  resolution: "@esbuild/netbsd-arm64@npm:0.28.0"
  conditions: os=netbsd & cpu=arm64
  languageName: node
  linkType: hard

"@esbuild/netbsd-x64@npm:0.28.0":
  version: 0.28.0
  resolution: "@esbuild/netbsd-x64@npm:0.28.0"
  conditions: os=netbsd & cpu=x64
  languageName: node
  linkType: hard

"@esbuild/openbsd-arm64@npm:0.28.0":
  version: 0.28.0
  resolution: "@esbuild/openbsd-arm64@npm:0.28.0"
  conditions: os=openbsd & cpu=arm64
  languageName: node
  linkType: hard

"@esbuild/openbsd-x64@npm:0.28.0":
  version: 0.28.0
  resolution: "@esbuild/openbsd-x64@npm:0.28.0"
  conditions: os=openbsd & cpu=x64
  languageName: node
  linkType: hard

"@esbuild/openharmony-arm64@npm:0.28.0":
  version: 0.28.0
  resolution: "@esbuild/openharmony-arm64@npm:0.28.0"
  conditions: os=openharmony & cpu=arm64
  languageName: node
  linkType: hard

"@esbuild/sunos-x64@npm:0.28.0":
  version: 0.28.0
  resolution: "@esbuild/sunos-x64@npm:0.28.0"
  conditions: os=sunos & cpu=x64
  languageName: node
  linkType: hard

"@esbuild/win32-arm64@npm:0.28.0":
  version: 0.28.0
  resolution: "@esbuild/win32-arm64@npm:0.28.0"
  conditions: os=win32 & cpu=arm64
  languageName: node
  linkType: hard

"@esbuild/win32-ia32@npm:0.28.0":
  version: 0.28.0
  resolution: "@esbuild/win32-ia32@npm:0.28.0"
  conditions: os=win32 & cpu=ia32
  languageName: node
  linkType: hard

"@esbuild/win32-x64@npm:0.28.0":
  version: 0.28.0
  resolution: "@esbuild/win32-x64@npm:0.28.0"
  conditions: os=win32 & cpu=x64
  languageName: node
  linkType: hard

"@girs/accountsservice-1.0@npm:^4.1.0":
  version: 4.1.0
  resolution: "@girs/accountsservice-1.0@npm:4.1.0"
  dependencies:
    "@girs/gio-2.0": "npm:^4.1.0"
    "@girs/gjs": "npm:^4.1.0"
    "@girs/glib-2.0": "npm:^4.1.0"
    "@girs/gmodule-2.0": "npm:^4.1.0"
    "@girs/gobject-2.0": "npm:^4.1.0"
  checksum: 10/5070666af1639e5da696dccd3e3e72f454a3ae250151f94ffba6a875dbf4ca989f1d4d1177c87a95edeedb33052b626aa036d7b7ff89072cad4955a88c1fa577
  languageName: node
  linkType: hard

"@girs/adw-1@npm:^4.1.0":
  version: 4.1.0
  resolution: "@girs/adw-1@npm:4.1.0"
  dependencies:
    "@girs/cairo-1.0": "npm:^4.1.0"
    "@girs/freetype2-2.0": "npm:^4.1.0"
    "@girs/gdk-4.0": "npm:^4.1.0"
    "@girs/gdkpixbuf-2.0": "npm:^4.1.0"
    "@girs/gio-2.0": "npm:^4.1.0"
    "@girs/gjs": "npm:^4.1.0"
    "@girs/glib-2.0": "npm:^4.1.0"
    "@girs/gmodule-2.0": "npm:^4.1.0"
    "@girs/gobject-2.0": "npm:^4.1.0"
    "@girs/graphene-1.0": "npm:^4.1.0"
    "@girs/gsk-4.0": "npm:^4.1.0"
    "@girs/gtk-4.0": "npm:^4.1.0"
    "@girs/harfbuzz-0.0": "npm:^4.1.0"
    "@girs/pango-1.0": "npm:^4.1.0"
    "@girs/pangocairo-1.0": "npm:^4.1.0"
  checksum: 10/5f735a4df2f1add1be3353390acb5a44763ec5e8c4df53ee10bd9e521e672b1a0e788ff7af8adb44fb460f88da46ad7afb8674fd6a510d647e21c2e8f0a7950e
  languageName: node
  linkType: hard

"@girs/atk-1.0@npm:^4.1.0":
  version: 4.1.0
  resolution: "@girs/atk-1.0@npm:4.1.0"
  dependencies:
    "@girs/gjs": "npm:^4.1.0"
    "@girs/glib-2.0": "npm:^4.1.0"
    "@girs/gobject-2.0": "npm:^4.1.0"
  checksum: 10/efbef8cce485195f592c373a08e2e5765cc4a88b30f355b8cfb05909d362b1e05c2d400e064bba7b662f2a9abfb7fc1e335bac8ad1086f3b115134df88dc2a3a
  languageName: node
  linkType: hard

"@girs/cairo-1.0@npm:^4.1.0":
  version: 4.1.0
  resolution: "@girs/cairo-1.0@npm:4.1.0"
  dependencies:
    "@girs/gjs": "npm:^4.1.0"
    "@girs/glib-2.0": "npm:^4.1.0"
    "@girs/gobject-2.0": "npm:^4.1.0"
  checksum: 10/f1e69d0beae60e2605beaec3e6bee76fc013b8f8e637a2e1d80b8051869421bb9c40d25a4f1a78d63d0a5d469c965b17d3ad8d69e4ca746c42e4a94adc0c44fc
  languageName: node
  linkType: hard

"@girs/clutter-18@npm:^4.1.0":
  version: 4.1.0
  resolution: "@girs/clutter-18@npm:4.1.0"
  dependencies:
    "@girs/atk-1.0": "npm:^4.1.0"
    "@girs/cairo-1.0": "npm:^4.1.0"
    "@girs/cogl-18": "npm:^4.1.0"
    "@girs/freetype2-2.0": "npm:^4.1.0"
    "@girs/gio-2.0": "npm:^4.1.0"
    "@girs/gjs": "npm:^4.1.0"
    "@girs/gl-1.0": "npm:^4.1.0"
    "@girs/glib-2.0": "npm:^4.1.0"
    "@girs/gmodule-2.0": "npm:^4.1.0"
    "@girs/gobject-2.0": "npm:^4.1.0"
    "@girs/graphene-1.0": "npm:^4.1.0"
    "@girs/harfbuzz-0.0": "npm:^4.1.0"
    "@girs/mtk-18": "npm:^4.1.0"
    "@girs/pango-1.0": "npm:^4.1.0"
  checksum: 10/9749bbf47cbad8b1c72e019b0cbdc6ca9dcc47bb24e2085e25209931022171a453f49c5a7ac88b445983f979b168cff6b955ccb72c56845bff4596d0c1a1d3ee
  languageName: node
  linkType: hard

"@girs/cogl-18@npm:^4.1.0":
  version: 4.1.0
  resolution: "@girs/cogl-18@npm:4.1.0"
  dependencies:
    "@girs/gjs": "npm:^4.1.0"
    "@girs/gl-1.0": "npm:^4.1.0"
    "@girs/glib-2.0": "npm:^4.1.0"
    "@girs/gobject-2.0": "npm:^4.1.0"
    "@girs/graphene-1.0": "npm:^4.1.0"
    "@girs/mtk-18": "npm:^4.1.0"
  checksum: 10/121baaea9a90813d4d7f635aadf0ef791ce66d4fb532d4137c03a7ae03376ed4bf27dd0d4f27cadce9c876c5453a327f165efc3b256f7070e8b9831a65a182f2
  languageName: node
  linkType: hard

"@girs/freetype2-2.0@npm:^4.1.0":
  version: 4.1.0
  resolution: "@girs/freetype2-2.0@npm:4.1.0"
  dependencies:
    "@girs/gjs": "npm:^4.1.0"
    "@girs/gobject-2.0": "npm:^4.1.0"
  checksum: 10/004a9e7206d44f3542a627a98fa2085ae846da8b4bafcee809443f235e246d2a72e8953335e2c4731080a4cce310ad22c24009c09ee5054fbdbeedfc5c1e1d86
  languageName: node
  linkType: hard

"@girs/gck-2@npm:^4.1.0":
  version: 4.1.0
  resolution: "@girs/gck-2@npm:4.1.0"
  dependencies:
    "@girs/gio-2.0": "npm:^4.1.0"
    "@girs/gjs": "npm:^4.1.0"
    "@girs/glib-2.0": "npm:^4.1.0"
    "@girs/gmodule-2.0": "npm:^4.1.0"
    "@girs/gobject-2.0": "npm:^4.1.0"
  checksum: 10/6d97aaa8aa5d2ed211f0d2e2690f23fda91b945a8f13c0e6ec5849afc0ac2d378bfdaa99bc528d6c4252dd76251cf37a4d57b06d988d40f9d7261c179f2969e4
  languageName: node
  linkType: hard

"@girs/gcr-4@npm:^4.1.0":
  version: 4.1.0
  resolution: "@girs/gcr-4@npm:4.1.0"
  dependencies:
    "@girs/gck-2": "npm:^4.1.0"
    "@girs/gio-2.0": "npm:^4.1.0"
    "@girs/gjs": "npm:^4.1.0"
    "@girs/glib-2.0": "npm:^4.1.0"
    "@girs/gmodule-2.0": "npm:^4.1.0"
    "@girs/gobject-2.0": "npm:^4.1.0"
  checksum: 10/6ddbac53cde5fe081e980820ada548ad039b691ac3fb5491b8aded1df5893ad1eae6fcc8f36d479239d8d177e92086a466f9a19ab6a10ab26073531cdea8c9c9
  languageName: node
  linkType: hard

"@girs/gdesktopenums-3.0@npm:^4.1.0":
  version: 4.1.0
  resolution: "@girs/gdesktopenums-3.0@npm:4.1.0"
  dependencies:
    "@girs/gjs": "npm:^4.1.0"
    "@girs/gobject-2.0": "npm:^4.1.0"
  checksum: 10/795c8ede4585d4b8238c4d82595889b7c1a235b5aa583af88b9193c612473b31c8c1636137a1ed72e440588ef66cf75bd2ae688c0a5772ef0321bd053469506b
  languageName: node
  linkType: hard

"@girs/gdk-4.0@npm:^4.1.0":
  version: 4.1.0
  resolution: "@girs/gdk-4.0@npm:4.1.0"
  dependencies:
    "@girs/cairo-1.0": "npm:^4.1.0"
    "@girs/freetype2-2.0": "npm:^4.1.0"
    "@girs/gdkpixbuf-2.0": "npm:^4.1.0"
    "@girs/gio-2.0": "npm:^4.1.0"
    "@girs/gjs": "npm:^4.1.0"
    "@girs/glib-2.0": "npm:^4.1.0"
    "@girs/gmodule-2.0": "npm:^4.1.0"
    "@girs/gobject-2.0": "npm:^4.1.0"
    "@girs/harfbuzz-0.0": "npm:^4.1.0"
    "@girs/pango-1.0": "npm:^4.1.0"
    "@girs/pangocairo-1.0": "npm:^4.1.0"
  checksum: 10/30ed27766d7683a93a96cd03bbd62ef00b0dba0b90b09aa2607ba9c0e1eec3595dbaa0e6b15243534b6314c97760aa9453010138025db89d3043cbb017f595db
  languageName: node
  linkType: hard

"@girs/gdkpixbuf-2.0@npm:^4.1.0":
  version: 4.1.0
  resolution: "@girs/gdkpixbuf-2.0@npm:4.1.0"
  dependencies:
    "@girs/gio-2.0": "npm:^4.1.0"
    "@girs/gjs": "npm:^4.1.0"
    "@girs/glib-2.0": "npm:^4.1.0"
    "@girs/gmodule-2.0": "npm:^4.1.0"
    "@girs/gobject-2.0": "npm:^4.1.0"
  checksum: 10/01740e4cb890158755b07b78fc51cf8034dc2717bc61deb7ff5bff40559f41c556eea13abc77082da4afe87baac6a267fa17b71f13b245eb5b24fa6f7c42c3ef
  languageName: node
  linkType: hard

"@girs/gdm-1.0@npm:^4.1.0":
  version: 4.1.0
  resolution: "@girs/gdm-1.0@npm:4.1.0"
  dependencies:
    "@girs/gio-2.0": "npm:^4.1.0"
    "@girs/gjs": "npm:^4.1.0"
    "@girs/glib-2.0": "npm:^4.1.0"
    "@girs/gmodule-2.0": "npm:^4.1.0"
    "@girs/gobject-2.0": "npm:^4.1.0"
  checksum: 10/0b2f71576fe6596321dece7ebd39be1ea0d5886ee8b5d39d66efb2dbefaf95611741e7cf62845bf9eaed438f99c5af82daa627e14e6637e308798fdca272137a
  languageName: node
  linkType: hard

"@girs/gio-2.0@npm:^4.1.0":
  version: 4.1.0
  resolution: "@girs/gio-2.0@npm:4.1.0"
  dependencies:
    "@girs/gjs": "npm:^4.1.0"
    "@girs/glib-2.0": "npm:^4.1.0"
    "@girs/gmodule-2.0": "npm:^4.1.0"
    "@girs/gobject-2.0": "npm:^4.1.0"
  checksum: 10/4a29ef697e8082434ea9d36b6f0ca425a72a0bb3956c377d776b0faad44cae2e6b3d33da30e8495a82ca7721af211eade4a356854b5b0c57c04bee1a30b2368d
  languageName: node
  linkType: hard

"@girs/giounix-2.0@npm:^4.1.0":
  version: 4.1.0
  resolution: "@girs/giounix-2.0@npm:4.1.0"
  dependencies:
    "@girs/gio-2.0": "npm:^4.1.0"
    "@girs/gjs": "npm:^4.1.0"
    "@girs/glib-2.0": "npm:^4.1.0"
    "@girs/gmodule-2.0": "npm:^4.1.0"
    "@girs/gobject-2.0": "npm:^4.1.0"
  checksum: 10/8ec83118d6e3f53d15cac7661d506880275d449baddff69e32ed6f860d92419eed6aaf4835227c709ae8413fabc19dd41769a2e9595da6e50e2931938562fa66
  languageName: node
  linkType: hard

"@girs/gjs@npm:^4.1.0":
  version: 4.1.0
  resolution: "@girs/gjs@npm:4.1.0"
  dependencies:
    "@girs/cairo-1.0": "npm:^4.1.0"
    "@girs/gio-2.0": "npm:^4.1.0"
    "@girs/glib-2.0": "npm:^4.1.0"
    "@girs/gobject-2.0": "npm:^4.1.0"
  checksum: 10/78522783e2999f10127b96fdc447fb5cee17109d15cd04d7da1c7731887f862def626d8a5ac5d94520c4c789610e1fd9f0cab9389e6d6abb89079d1f1043a5bf
  languageName: node
  linkType: hard

"@girs/gl-1.0@npm:^4.1.0":
  version: 4.1.0
  resolution: "@girs/gl-1.0@npm:4.1.0"
  dependencies:
    "@girs/gjs": "npm:^4.1.0"
    "@girs/gobject-2.0": "npm:^4.1.0"
  checksum: 10/d4341fa96c58577265456b3c4f91565f691d9641d7afc1db576e0c36caf521a0eddec7ddf543abae7ea635b94a43b97f5e5f52636d27de916f0195898cb39a82
  languageName: node
  linkType: hard

"@girs/glib-2.0@npm:^4.1.0":
  version: 4.1.0
  resolution: "@girs/glib-2.0@npm:4.1.0"
  dependencies:
    "@girs/gjs": "npm:^4.1.0"
    "@girs/gobject-2.0": "npm:^4.1.0"
  checksum: 10/08398b57350f3718ce0522b856282ebae3c410728c89ca86d56f6b9d61942dc1eb3c13d23978303f370c7d66bcd33edad8084365de5f4d085ff6afd2adda4bd0
  languageName: node
  linkType: hard

"@girs/gmodule-2.0@npm:^4.1.0":
  version: 4.1.0
  resolution: "@girs/gmodule-2.0@npm:4.1.0"
  dependencies:
    "@girs/gjs": "npm:^4.1.0"
    "@girs/glib-2.0": "npm:^4.1.0"
    "@girs/gobject-2.0": "npm:^4.1.0"
  checksum: 10/9ee7e325069558edd1155b231d294cd9733389198c7a3a863258c4c5e7b1812327edc36ccbaa5fa8a817c9accb2163d661d607ca9745b1e02e485f843692312f
  languageName: node
  linkType: hard

"@girs/gnome-shell@workspace:^, @girs/gnome-shell@workspace:packages/gnome-shell":
  version: 0.0.0-use.local
  resolution: "@girs/gnome-shell@workspace:packages/gnome-shell"
  dependencies:
    "@girs/accountsservice-1.0": "npm:^4.1.0"
    "@girs/adw-1": "npm:^4.1.0"
    "@girs/atk-1.0": "npm:^4.1.0"
    "@girs/clutter-18": "npm:^4.1.0"
    "@girs/cogl-18": "npm:^4.1.0"
    "@girs/gcr-4": "npm:^4.1.0"
    "@girs/gdm-1.0": "npm:^4.1.0"
    "@girs/gio-2.0": "npm:^4.1.0"
    "@girs/giounix-2.0": "npm:^4.1.0"
    "@girs/gjs": "npm:^4.1.0"
    "@girs/glib-2.0": "npm:^4.1.0"
    "@girs/gnomebg-4.0": "npm:^4.1.0"
    "@girs/gnomebluetooth-3.0": "npm:^4.1.0"
    "@girs/gnomedesktop-4.0": "npm:^4.1.0"
    "@girs/gobject-2.0": "npm:^4.1.0"
    "@girs/gtk-4.0": "npm:^4.1.0"
    "@girs/gvc-1.0": "npm:^4.1.0"
    "@girs/meta-18": "npm:^4.1.0"
    "@girs/mtk-18": "npm:^4.1.0"
    "@girs/polkit-1.0": "npm:^4.1.0"
    "@girs/shell-18": "npm:^4.1.0"
    "@girs/shew-0": "npm:^4.1.0"
    "@girs/st-18": "npm:^4.1.0"
    "@girs/upowerglib-1.0": "npm:^4.1.0"
    "@tsconfig/strictest": "npm:^2.0.8"
    typescript: "npm:^6.0.3"
  languageName: unknown
  linkType: soft

"@girs/gnomebg-4.0@npm:^4.1.0":
  version: 4.1.0
  resolution: "@girs/gnomebg-4.0@npm:4.1.0"
  dependencies:
    "@girs/cairo-1.0": "npm:^4.1.0"
    "@girs/freetype2-2.0": "npm:^4.1.0"
    "@girs/gdesktopenums-3.0": "npm:^4.1.0"
    "@girs/gdk-4.0": "npm:^4.1.0"
    "@girs/gdkpixbuf-2.0": "npm:^4.1.0"
    "@girs/gio-2.0": "npm:^4.1.0"
    "@girs/gjs": "npm:^4.1.0"
    "@girs/glib-2.0": "npm:^4.1.0"
    "@girs/gmodule-2.0": "npm:^4.1.0"
    "@girs/gnomedesktop-4.0": "npm:^4.1.0"
    "@girs/gobject-2.0": "npm:^4.1.0"
    "@girs/harfbuzz-0.0": "npm:^4.1.0"
    "@girs/pango-1.0": "npm:^4.1.0"
    "@girs/pangocairo-1.0": "npm:^4.1.0"
  checksum: 10/3a9cf51b6c280f60eb505f273896a49d3087980bb447051e0958b87a02ba17d559ed3bfa97a9a129b0c2089ad4357381ec18c63f467c7223f1f6be2946fcabce
  languageName: node
  linkType: hard

"@girs/gnomebluetooth-3.0@npm:^4.1.0":
  version: 4.1.0
  resolution: "@girs/gnomebluetooth-3.0@npm:4.1.0"
  dependencies:
    "@girs/gio-2.0": "npm:^4.1.0"
    "@girs/gjs": "npm:^4.1.0"
    "@girs/glib-2.0": "npm:^4.1.0"
    "@girs/gmodule-2.0": "npm:^4.1.0"
    "@girs/gobject-2.0": "npm:^4.1.0"
  checksum: 10/da51cd161b43103a1cf7cdda84927eb35827e56dfd0a7c70608020eadc366977ee6774aea2a8cfe40d45924ce8f64726eceda31fcb62080ab12483ce5572d710
  languageName: node
  linkType: hard

"@girs/gnomedesktop-4.0@npm:^4.1.0":
  version: 4.1.0
  resolution: "@girs/gnomedesktop-4.0@npm:4.1.0"
  dependencies:
    "@girs/gdesktopenums-3.0": "npm:^4.1.0"
    "@girs/gdkpixbuf-2.0": "npm:^4.1.0"
    "@girs/gio-2.0": "npm:^4.1.0"
    "@girs/gjs": "npm:^4.1.0"
    "@girs/glib-2.0": "npm:^4.1.0"
    "@girs/gmodule-2.0": "npm:^4.1.0"
    "@girs/gobject-2.0": "npm:^4.1.0"
  checksum: 10/0a0ce68d328064d227a39b499ced5c7ef2ed7a3ba76e732d83ef84046b9743a667453f004399e3c0994bacab8d0dda5e9f66674f87678ccc879506869bcdba97
  languageName: node
  linkType: hard

"@girs/gobject-2.0@npm:^4.1.0":
  version: 4.1.0
  resolution: "@girs/gobject-2.0@npm:4.1.0"
  dependencies:
    "@girs/gjs": "npm:^4.1.0"
    "@girs/glib-2.0": "npm:^4.1.0"
  checksum: 10/17cf220ddb75fc383d50d76551459d7bc7d7c6caa06a4b2d2b0aff6dccf8bdc3a7c2e408614df6c1e88bf0711369afe32ddaf4739ad4d0e505e421337299d868
  languageName: node
  linkType: hard

"@girs/graphene-1.0@npm:^4.1.0":
  version: 4.1.0
  resolution: "@girs/graphene-1.0@npm:4.1.0"
  dependencies:
    "@girs/gjs": "npm:^4.1.0"
    "@girs/glib-2.0": "npm:^4.1.0"
    "@girs/gobject-2.0": "npm:^4.1.0"
  checksum: 10/e6dc01fe7cad87107a25fb048c947c5a5eb96ede30f636494be6eee0c28ffa090c25aded8f3c31617dc25e2c414b1cdcea031b6fa82a22f065a53554bf9c7531
  languageName: node
  linkType: hard

"@girs/gsk-4.0@npm:^4.1.0":
  version: 4.1.0
  resolution: "@girs/gsk-4.0@npm:4.1.0"
  dependencies:
    "@girs/cairo-1.0": "npm:^4.1.0"
    "@girs/freetype2-2.0": "npm:^4.1.0"
    "@girs/gdk-4.0": "npm:^4.1.0"
    "@girs/gdkpixbuf-2.0": "npm:^4.1.0"
    "@girs/gio-2.0": "npm:^4.1.0"
    "@girs/gjs": "npm:^4.1.0"
    "@girs/glib-2.0": "npm:^4.1.0"
    "@girs/gmodule-2.0": "npm:^4.1.0"
    "@girs/gobject-2.0": "npm:^4.1.0"
    "@girs/graphene-1.0": "npm:^4.1.0"
    "@girs/harfbuzz-0.0": "npm:^4.1.0"
    "@girs/pango-1.0": "npm:^4.1.0"
    "@girs/pangocairo-1.0": "npm:^4.1.0"
  checksum: 10/d026e0382068ec81dbf252ee4859e5f7dc816793f9066bbfa7ff4ae472344c5895114435e9a8a078faef44d7dc050972941853183dfbbe31e29afdf37d00b2fd
  languageName: node
  linkType: hard

"@girs/gtk-4.0@npm:^4.1.0":
  version: 4.1.0
  resolution: "@girs/gtk-4.0@npm:4.1.0"
  dependencies:
    "@girs/cairo-1.0": "npm:^4.1.0"
    "@girs/freetype2-2.0": "npm:^4.1.0"
    "@girs/gdk-4.0": "npm:^4.1.0"
    "@girs/gdkpixbuf-2.0": "npm:^4.1.0"
    "@girs/gio-2.0": "npm:^4.1.0"
    "@girs/gjs": "npm:^4.1.0"
    "@girs/glib-2.0": "npm:^4.1.0"
    "@girs/gmodule-2.0": "npm:^4.1.0"
    "@girs/gobject-2.0": "npm:^4.1.0"
    "@girs/graphene-1.0": "npm:^4.1.0"
    "@girs/gsk-4.0": "npm:^4.1.0"
    "@girs/harfbuzz-0.0": "npm:^4.1.0"
    "@girs/pango-1.0": "npm:^4.1.0"
    "@girs/pangocairo-1.0": "npm:^4.1.0"
  checksum: 10/5f17843f984159c50d95b6abeb4aead3a6ed529ee3263a2c405675a31449115f36e3e84b649f01b6b6030f7b9a3f71cfe2f9a42276b09ce4378394bb22518361
  languageName: node
  linkType: hard

"@girs/gvc-1.0@npm:^4.1.0":
  version: 4.1.0
  resolution: "@girs/gvc-1.0@npm:4.1.0"
  dependencies:
    "@girs/gio-2.0": "npm:^4.1.0"
    "@girs/gjs": "npm:^4.1.0"
    "@girs/glib-2.0": "npm:^4.1.0"
    "@girs/gmodule-2.0": "npm:^4.1.0"
    "@girs/gobject-2.0": "npm:^4.1.0"
  checksum: 10/4a314194963ca9e27c062b4e0f20308074f7a6f0ff5b145589d8928241c73fb3b66732113954fceeda98aa26a827f79393adbd4e59b0264863507ee817ccd3f0
  languageName: node
  linkType: hard

"@girs/harfbuzz-0.0@npm:^4.1.0":
  version: 4.1.0
  resolution: "@girs/harfbuzz-0.0@npm:4.1.0"
  dependencies:
    "@girs/freetype2-2.0": "npm:^4.1.0"
    "@girs/gjs": "npm:^4.1.0"
    "@girs/glib-2.0": "npm:^4.1.0"
    "@girs/gobject-2.0": "npm:^4.1.0"
  checksum: 10/28e5b16053b011a5e106e1a1f55aa4513c470513c864d23e39fdaf0ca72db45e409616b3c042e57f43066d4e124ca57d7a463cf6beeb093c8894b34789e64c2e
  languageName: node
  linkType: hard

"@girs/meta-18@npm:^4.1.0":
  version: 4.1.0
  resolution: "@girs/meta-18@npm:4.1.0"
  dependencies:
    "@girs/atk-1.0": "npm:^4.1.0"
    "@girs/cairo-1.0": "npm:^4.1.0"
    "@girs/clutter-18": "npm:^4.1.0"
    "@girs/cogl-18": "npm:^4.1.0"
    "@girs/freetype2-2.0": "npm:^4.1.0"
    "@girs/gdesktopenums-3.0": "npm:^4.1.0"
    "@girs/gio-2.0": "npm:^4.1.0"
    "@girs/gjs": "npm:^4.1.0"
    "@girs/gl-1.0": "npm:^4.1.0"
    "@girs/glib-2.0": "npm:^4.1.0"
    "@girs/gmodule-2.0": "npm:^4.1.0"
    "@girs/gobject-2.0": "npm:^4.1.0"
    "@girs/graphene-1.0": "npm:^4.1.0"
    "@girs/harfbuzz-0.0": "npm:^4.1.0"
    "@girs/mtk-18": "npm:^4.1.0"
    "@girs/pango-1.0": "npm:^4.1.0"
    "@girs/xfixes-4.0": "npm:^4.1.0"
    "@girs/xlib-2.0": "npm:^4.1.0"
  checksum: 10/2a13fe6e889ba64b620d891924ae18720430efb6088ff3785c54a8798e8e7d8e62b20dde5b9188b5c42f2e98163850c95f68344a64b8a994ebff013b73017283
  languageName: node
  linkType: hard

"@girs/mtk-18@npm:^4.1.0":
  version: 4.1.0
  resolution: "@girs/mtk-18@npm:4.1.0"
  dependencies:
    "@girs/gjs": "npm:^4.1.0"
    "@girs/glib-2.0": "npm:^4.1.0"
    "@girs/gobject-2.0": "npm:^4.1.0"
    "@girs/graphene-1.0": "npm:^4.1.0"
  checksum: 10/b90e41aa203f3909bc9fea7de9d2a05627e33b0189c860bfcb212aee93a216e74d9c4453cdb9a431f399e1df4daec2c328cde63f22e774a5c6e9f06c6e41d27d
  languageName: node
  linkType: hard

"@girs/nm-1.0@npm:^4.1.0":
  version: 4.1.0
  resolution: "@girs/nm-1.0@npm:4.1.0"
  dependencies:
    "@girs/gio-2.0": "npm:^4.1.0"
    "@girs/gjs": "npm:^4.1.0"
    "@girs/glib-2.0": "npm:^4.1.0"
    "@girs/gmodule-2.0": "npm:^4.1.0"
    "@girs/gobject-2.0": "npm:^4.1.0"
  checksum: 10/d25854f9e84f59d84a1530631841831a38f5ece5213351d412072d78311db07ab6b046247c4702c39aa1d6b811f026b7e26bf2e05e986203a0b34736f6b84fee
  languageName: node
  linkType: hard

"@girs/pango-1.0@npm:^4.1.0":
  version: 4.1.0
  resolution: "@girs/pango-1.0@npm:4.1.0"
  dependencies:
    "@girs/cairo-1.0": "npm:^4.1.0"
    "@girs/freetype2-2.0": "npm:^4.1.0"
    "@girs/gio-2.0": "npm:^4.1.0"
    "@girs/gjs": "npm:^4.1.0"
    "@girs/glib-2.0": "npm:^4.1.0"
    "@girs/gmodule-2.0": "npm:^4.1.0"
    "@girs/gobject-2.0": "npm:^4.1.0"
    "@girs/harfbuzz-0.0": "npm:^4.1.0"
  checksum: 10/ee15e34e02d1db64df3f737ed0f97f528d9b71e543c4311754dce7bdd3bf6a916ee9b6156f0ec930b2d3e85bd8d7d1eb11a58d370f387b8a8345ab62166698f6
  languageName: node
  linkType: hard

"@girs/pangocairo-1.0@npm:^4.1.0":
  version: 4.1.0
  resolution: "@girs/pangocairo-1.0@npm:4.1.0"
  dependencies:
    "@girs/cairo-1.0": "npm:^4.1.0"
    "@girs/freetype2-2.0": "npm:^4.1.0"
    "@girs/gio-2.0": "npm:^4.1.0"
    "@girs/gjs": "npm:^4.1.0"
    "@girs/glib-2.0": "npm:^4.1.0"
    "@girs/gmodule-2.0": "npm:^4.1.0"
    "@girs/gobject-2.0": "npm:^4.1.0"
    "@girs/harfbuzz-0.0": "npm:^4.1.0"
    "@girs/pango-1.0": "npm:^4.1.0"
  checksum: 10/ac389495c302c6878150ba570d9c0f8b2ebc27df14be9a6ad6c6bf7d6d2ab0ca9d8b2ee1dc92a2eeffab642a931a18807247d34abf46281e3523c87a1904a541
  languageName: node
  linkType: hard

"@girs/polkit-1.0@npm:^4.1.0":
  version: 4.1.0
  resolution: "@girs/polkit-1.0@npm:4.1.0"
  dependencies:
    "@girs/gio-2.0": "npm:^4.1.0"
    "@girs/gjs": "npm:^4.1.0"
    "@girs/glib-2.0": "npm:^4.1.0"
    "@girs/gmodule-2.0": "npm:^4.1.0"
    "@girs/gobject-2.0": "npm:^4.1.0"
  checksum: 10/7622b7c9aabd83d76628036d4fd40bdaa57b6116f3a0a360a63168cf5e3b500121b5215591f9f26e6c78479cf4942f5327549625cc023e8addcb2ee578122d22
  languageName: node
  linkType: hard

"@girs/polkitagent-1.0@npm:^4.1.0":
  version: 4.1.0
  resolution: "@girs/polkitagent-1.0@npm:4.1.0"
  dependencies:
    "@girs/gio-2.0": "npm:^4.1.0"
    "@girs/gjs": "npm:^4.1.0"
    "@girs/glib-2.0": "npm:^4.1.0"
    "@girs/gmodule-2.0": "npm:^4.1.0"
    "@girs/gobject-2.0": "npm:^4.1.0"
    "@girs/polkit-1.0": "npm:^4.1.0"
  checksum: 10/c834d6eb7c942cb045db09ba85e99c6cda9897d35421de984a088d321f64efb7dca0e6a72c03d3a73ef307d7edf55188a0a69cc5f1551e63235c61975674bd12
  languageName: node
  linkType: hard

"@girs/shell-18@npm:^4.1.0":
  version: 4.1.0
  resolution: "@girs/shell-18@npm:4.1.0"
  dependencies:
    "@girs/atk-1.0": "npm:^4.1.0"
    "@girs/cairo-1.0": "npm:^4.1.0"
    "@girs/clutter-18": "npm:^4.1.0"
    "@girs/cogl-18": "npm:^4.1.0"
    "@girs/freetype2-2.0": "npm:^4.1.0"
    "@girs/gck-2": "npm:^4.1.0"
    "@girs/gcr-4": "npm:^4.1.0"
    "@girs/gdesktopenums-3.0": "npm:^4.1.0"
    "@girs/gdkpixbuf-2.0": "npm:^4.1.0"
    "@girs/gio-2.0": "npm:^4.1.0"
    "@girs/giounix-2.0": "npm:^4.1.0"
    "@girs/gjs": "npm:^4.1.0"
    "@girs/gl-1.0": "npm:^4.1.0"
    "@girs/glib-2.0": "npm:^4.1.0"
    "@girs/gmodule-2.0": "npm:^4.1.0"
    "@girs/gobject-2.0": "npm:^4.1.0"
    "@girs/graphene-1.0": "npm:^4.1.0"
    "@girs/gvc-1.0": "npm:^4.1.0"
    "@girs/harfbuzz-0.0": "npm:^4.1.0"
    "@girs/meta-18": "npm:^4.1.0"
    "@girs/mtk-18": "npm:^4.1.0"
    "@girs/nm-1.0": "npm:^4.1.0"
    "@girs/pango-1.0": "npm:^4.1.0"
    "@girs/polkit-1.0": "npm:^4.1.0"
    "@girs/polkitagent-1.0": "npm:^4.1.0"
    "@girs/st-18": "npm:^4.1.0"
    "@girs/xfixes-4.0": "npm:^4.1.0"
    "@girs/xlib-2.0": "npm:^4.1.0"
  checksum: 10/0b5a82875e5e113d2ede2e60fc45a1dc2cbc927dc7ab93b33cd994f98a2b272d0ee8cfd2db8e855cb60430f1f7802f70ff596e8330340f4b3131a552c68bc8ea
  languageName: node
  linkType: hard

"@girs/shew-0@npm:^4.1.0":
  version: 4.1.0
  resolution: "@girs/shew-0@npm:4.1.0"
  dependencies:
    "@girs/cairo-1.0": "npm:^4.1.0"
    "@girs/freetype2-2.0": "npm:^4.1.0"
    "@girs/gdk-4.0": "npm:^4.1.0"
    "@girs/gdkpixbuf-2.0": "npm:^4.1.0"
    "@girs/gio-2.0": "npm:^4.1.0"
    "@girs/gjs": "npm:^4.1.0"
    "@girs/glib-2.0": "npm:^4.1.0"
    "@girs/gmodule-2.0": "npm:^4.1.0"
    "@girs/gobject-2.0": "npm:^4.1.0"
    "@girs/graphene-1.0": "npm:^4.1.0"
    "@girs/gsk-4.0": "npm:^4.1.0"
    "@girs/gtk-4.0": "npm:^4.1.0"
    "@girs/harfbuzz-0.0": "npm:^4.1.0"
    "@girs/pango-1.0": "npm:^4.1.0"
    "@girs/pangocairo-1.0": "npm:^4.1.0"
  checksum: 10/f43bb73345a548c8618fd6515caebb0d5323902b7cf37ea5fa4ce82be19d5a14aabf9c742845e91d0a19f4d87d5c2e7392cc9828ad40e20b329ecb52054e6159
  languageName: node
  linkType: hard

"@girs/st-18@npm:^4.1.0":
  version: 4.1.0
  resolution: "@girs/st-18@npm:4.1.0"
  dependencies:
    "@girs/atk-1.0": "npm:^4.1.0"
    "@girs/cairo-1.0": "npm:^4.1.0"
    "@girs/clutter-18": "npm:^4.1.0"
    "@girs/cogl-18": "npm:^4.1.0"
    "@girs/freetype2-2.0": "npm:^4.1.0"
    "@girs/gdesktopenums-3.0": "npm:^4.1.0"
    "@girs/gdkpixbuf-2.0": "npm:^4.1.0"
    "@girs/gio-2.0": "npm:^4.1.0"
    "@girs/gjs": "npm:^4.1.0"
    "@girs/gl-1.0": "npm:^4.1.0"
    "@girs/glib-2.0": "npm:^4.1.0"
    "@girs/gmodule-2.0": "npm:^4.1.0"
    "@girs/gobject-2.0": "npm:^4.1.0"
    "@girs/graphene-1.0": "npm:^4.1.0"
    "@girs/harfbuzz-0.0": "npm:^4.1.0"
    "@girs/meta-18": "npm:^4.1.0"
    "@girs/mtk-18": "npm:^4.1.0"
    "@girs/pango-1.0": "npm:^4.1.0"
    "@girs/xfixes-4.0": "npm:^4.1.0"
    "@girs/xlib-2.0": "npm:^4.1.0"
  checksum: 10/d3aa059ea20b5e1e0254d9c0165a5c4c9a761cf37393bd22294e1276b75516a4d6d3438324774cdf5357e02bf332fd0c531594683d1390ec88c44954d7a685d7
  languageName: node
  linkType: hard

"@girs/upowerglib-1.0@npm:^4.1.0":
  version: 4.1.0
  resolution: "@girs/upowerglib-1.0@npm:4.1.0"
  dependencies:
    "@girs/gio-2.0": "npm:^4.1.0"
    "@girs/gjs": "npm:^4.1.0"
    "@girs/glib-2.0": "npm:^4.1.0"
    "@girs/gmodule-2.0": "npm:^4.1.0"
    "@girs/gobject-2.0": "npm:^4.1.0"
  checksum: 10/b2728af167c2b8a599ec5f4f28c6e1e9f96d3104e108b79063096bf9fe9147b33ac18bdb27306759465b345cd0cff05baeb427f04d28557de4310e0148f3b26c
  languageName: node
  linkType: hard

"@girs/xfixes-4.0@npm:^4.1.0":
  version: 4.1.0
  resolution: "@girs/xfixes-4.0@npm:4.1.0"
  dependencies:
    "@girs/gjs": "npm:^4.1.0"
    "@girs/gobject-2.0": "npm:^4.1.0"
  checksum: 10/82ef83fea29a0735be85ba08e636c8d77d0a91d9a0204c4dcc688f01223e51804405c4c0be09d3d5e1c5c4e362651bbc82cb75a65fe4a1c534874ab5145b77de
  languageName: node
  linkType: hard

"@girs/xlib-2.0@npm:^4.1.0":
  version: 4.1.0
  resolution: "@girs/xlib-2.0@npm:4.1.0"
  dependencies:
    "@girs/gjs": "npm:^4.1.0"
    "@girs/gobject-2.0": "npm:^4.1.0"
  checksum: 10/fac9f476f2d129f762b0359648f46c7d009e85a8b749aaa26b3060ddc2ccd76abded2dcdbb9a283d1912e0fa31039c3dcfad3d2e6f74204e3aeeab4463b26ab5
  languageName: node
  linkType: hard

"@gjsify/gnome-shell-hello-world-example@workspace:examples/hello-world":
  version: 0.0.0-use.local
  resolution: "@gjsify/gnome-shell-hello-world-example@workspace:examples/hello-world"
  dependencies:
    "@girs/gjs": "npm:^4.1.0"
    "@girs/gnome-shell": "workspace:^"
    "@girs/gobject-2.0": "npm:^4.1.0"
    "@girs/st-18": "npm:^4.1.0"
    "@tsconfig/strictest": "npm:^2.0.8"
    adm-zip: "npm:^0.5.17"
    esbuild: "npm:^0.28.0"
    typescript: "npm:6.0.2"
  languageName: unknown
  linkType: soft

"@tsconfig/strictest@npm:^2.0.8":
  version: 2.0.8
  resolution: "@tsconfig/strictest@npm:2.0.8"
  checksum: 10/74c493af61886c2653df94635ecb79a0d9e61ecc0136475698cfa4adbb8957583497a1907de4ed9882557fd22d187985a4e4ab28290db236d7a0dd8264a6ba44
  languageName: node
  linkType: hard

"adm-zip@npm:^0.5.17":
  version: 0.5.17
  resolution: "adm-zip@npm:0.5.17"
  checksum: 10/035ea96d04376c290bed3401b67d1a2a2654996450ec9056dccc0fb194cb6a956bf7ad388d2648b0e1775338a377805601deca4bcd689658dc1d39247a1e9bdd
  languageName: node
  linkType: hard

"esbuild@npm:^0.28.0":
  version: 0.28.0
  resolution: "esbuild@npm:0.28.0"
  dependencies:
    "@esbuild/aix-ppc64": "npm:0.28.0"
    "@esbuild/android-arm": "npm:0.28.0"
    "@esbuild/android-arm64": "npm:0.28.0"
    "@esbuild/android-x64": "npm:0.28.0"
    "@esbuild/darwin-arm64": "npm:0.28.0"
    "@esbuild/darwin-x64": "npm:0.28.0"
    "@esbuild/freebsd-arm64": "npm:0.28.0"
    "@esbuild/freebsd-x64": "npm:0.28.0"
    "@esbuild/linux-arm": "npm:0.28.0"
    "@esbuild/linux-arm64": "npm:0.28.0"
    "@esbuild/linux-ia32": "npm:0.28.0"
    "@esbuild/linux-loong64": "npm:0.28.0"
    "@esbuild/linux-mips64el": "npm:0.28.0"
    "@esbuild/linux-ppc64": "npm:0.28.0"
    "@esbuild/linux-riscv64": "npm:0.28.0"
    "@esbuild/linux-s390x": "npm:0.28.0"
    "@esbuild/linux-x64": "npm:0.28.0"
    "@esbuild/netbsd-arm64": "npm:0.28.0"
    "@esbuild/netbsd-x64": "npm:0.28.0"
    "@esbuild/openbsd-arm64": "npm:0.28.0"
    "@esbuild/openbsd-x64": "npm:0.28.0"
    "@esbuild/openharmony-arm64": "npm:0.28.0"
    "@esbuild/sunos-x64": "npm:0.28.0"
    "@esbuild/win32-arm64": "npm:0.28.0"
    "@esbuild/win32-ia32": "npm:0.28.0"
    "@esbuild/win32-x64": "npm:0.28.0"
  dependenciesMeta:
    "@esbuild/aix-ppc64":
      optional: true
    "@esbuild/android-arm":
      optional: true
    "@esbuild/android-arm64":
      optional: true
    "@esbuild/android-x64":
      optional: true
    "@esbuild/darwin-arm64":
      optional: true
    "@esbuild/darwin-x64":
      optional: true
    "@esbuild/freebsd-arm64":
      optional: true
    "@esbuild/freebsd-x64":
      optional: true
    "@esbuild/linux-arm":
      optional: true
    "@esbuild/linux-arm64":
      optional: true
    "@esbuild/linux-ia32":
      optional: true
    "@esbuild/linux-loong64":
      optional: true
    "@esbuild/linux-mips64el":
      optional: true
    "@esbuild/linux-ppc64":
      optional: true
    "@esbuild/linux-riscv64":
      optional: true
    "@esbuild/linux-s390x":
      optional: true
    "@esbuild/linux-x64":
      optional: true
    "@esbuild/netbsd-arm64":
      optional: true
    "@esbuild/netbsd-x64":
      optional: true
    "@esbuild/openbsd-arm64":
      optional: true
    "@esbuild/openbsd-x64":
      optional: true
    "@esbuild/openharmony-arm64":
      optional: true
    "@esbuild/sunos-x64":
      optional: true
    "@esbuild/win32-arm64":
      optional: true
    "@esbuild/win32-ia32":
      optional: true
    "@esbuild/win32-x64":
      optional: true
  bin:
    esbuild: bin/esbuild
  checksum: 10/49eafc8906cc4a760a1704556bd3b301f808fcdcf2725190383f151741226bf2a2898a03da75a06a896d6217dadc4f3f3168983557ee31bae602e2e37779a83a
  languageName: node
  linkType: hard

"gnome-shell@workspace:.":
  version: 0.0.0-use.local
  resolution: "gnome-shell@workspace:."
  dependencies:
    prettier: "npm:^3.8.3"
    typescript: "npm:^6.0.3"
  languageName: unknown
  linkType: soft

"prettier@npm:^3.8.3":
  version: 3.8.3
  resolution: "prettier@npm:3.8.3"
  bin:
    prettier: bin/prettier.cjs
  checksum: 10/4b3b12cbb29e4c96bed936e5d070167552500c18d37676fb3e0caae6199c42860662608e4dc116230698f6e2bb0267ef2548158224c92d40f188d309d72fdd6f
  languageName: node
  linkType: hard

"typescript@npm:6.0.2":
  version: 6.0.2
  resolution: "typescript@npm:6.0.2"
  bin:
    tsc: bin/tsc
    tsserver: bin/tsserver
  checksum: 10/b9fc2fcee7ee8e5ca6f5138181964550531e18e2d20ecb71b802d4d495881e3444e0ef94cbb6e84eb2ba41e913f6feae3ca33cc722b32e6e6dfadb32d23b80e6
  languageName: node
  linkType: hard

"typescript@npm:^6.0.3":
  version: 6.0.3
  resolution: "typescript@npm:6.0.3"
  bin:
    tsc: bin/tsc
    tsserver: bin/tsserver
  checksum: 10/0ef2357a4cffd916b52b683a021cdab0f81eea4e9aa35f2d254581c9a5106da02224e3392e1b0ed42b7a48f80c966e5f52b8e1a27941fa0523c1705a9c2e0330
  languageName: node
  linkType: hard

"typescript@patch:typescript@npm%3A6.0.2#optional!builtin<compat/typescript>":
  version: 6.0.2
  resolution: "typescript@patch:typescript@npm%3A6.0.2#optional!builtin<compat/typescript>::version=6.0.2&hash=5786d5"
  bin:
    tsc: bin/tsc
    tsserver: bin/tsserver
  checksum: 10/e5501dfcf8c5b6b9a61f6fa53decc40187cebe3a2b7b2bd51c615007ad4cf6d58298461fef63294f6be9d5f2f33019b2a2e2bf02d9cb7d7f6ec94372bf24ffa2
  languageName: node
  linkType: hard

"typescript@patch:typescript@npm%3A^6.0.3#optional!builtin<compat/typescript>":
  version: 6.0.3
  resolution: "typescript@patch:typescript@npm%3A6.0.3#optional!builtin<compat/typescript>::version=6.0.3&hash=5786d5"
  bin:
    tsc: bin/tsc
    tsserver: bin/tsserver
  checksum: 10/22b67a18dafedf9b1468b64ca20d9aa02ea61d449b65413d8aa6552aeb63f52ef369e86beb25b6b4c91a803d9726ee5c196f391a9b64201263263410a4223ee6
  languageName: node
  linkType: hard
